// !$*UTF8*$!
{
	archiveVersion = 1;
	classes = {
	};
	objectVersion = 55;
	objects = {

/* Begin PBXBuildFile section */
		F4F16DE2284E3A5A00FBCC58 /* AppDelegate.swift in Sources */ = {isa = PBXBuildFile; fileRef = F4F16DE1284E3A5A00FBCC58 /* AppDelegate.swift */; };
		F4F16DE4284E3A5A00FBCC58 /* SceneDelegate.swift in Sources */ = {isa = PBXBuildFile; fileRef = F4F16DE3284E3A5A00FBCC58 /* SceneDelegate.swift */; };
		F4F16DE6284E3A5A00FBCC58 /* MainViewController.swift in Sources */ = {isa = PBXBuildFile; fileRef = F4F16DE5284E3A5A00FBCC58 /* MainViewController.swift */; };
		F4F16DEB284E3A5D00FBCC58 /* Assets.xcassets in Resources */ = {isa = PBXBuildFile; fileRef = F4F16DEA284E3A5D00FBCC58 /* Assets.xcassets */; };
		F4F16DEE284E3A5D00FBCC58 /* LaunchScreen.storyboard in Resources */ = {isa = PBXBuildFile; fileRef = F4F16DEC284E3A5D00FBCC58 /* LaunchScreen.storyboard */; };
		F4F16DF7284E3B0200FBCC58 /* RxCocoa in Frameworks */ = {isa = PBXBuildFile; productRef = F4F16DF6284E3B0200FBCC58 /* RxCocoa */; };
		F4F16DF9284E3B0200FBCC58 /* RxRelay in Frameworks */ = {isa = PBXBuildFile; productRef = F4F16DF8284E3B0200FBCC58 /* RxRelay */; };
		F4F16DFB284E3B0200FBCC58 /* RxSwift in Frameworks */ = {isa = PBXBuildFile; productRef = F4F16DFA284E3B0200FBCC58 /* RxSwift */; };
		F4F16DFE284E3B2700FBCC58 /* Kingfisher in Frameworks */ = {isa = PBXBuildFile; productRef = F4F16DFD284E3B2700FBCC58 /* Kingfisher */; };
		F4F16E01284E3B3900FBCC58 /* SnapKit in Frameworks */ = {isa = PBXBuildFile; productRef = F4F16E00284E3B3900FBCC58 /* SnapKit */; };
		F4F16E09284E3C6900FBCC58 /* ViewRepresentable.swift in Sources */ = {isa = PBXBuildFile; fileRef = F4F16E08284E3C6900FBCC58 /* ViewRepresentable.swift */; };
		F4F16E0B284E3DBD00FBCC58 /* SearchBar.swift in Sources */ = {isa = PBXBuildFile; fileRef = F4F16E0A284E3DBD00FBCC58 /* SearchBar.swift */; };
		F4F16E0D284E428B00FBCC58 /* FilterView.swift in Sources */ = {isa = PBXBuildFile; fileRef = F4F16E0C284E428B00FBCC58 /* FilterView.swift */; };
		F4F16E0F284E44BB00FBCC58 /* ResultList.swift in Sources */ = {isa = PBXBuildFile; fileRef = F4F16E0E284E44BB00FBCC58 /* ResultList.swift */; };
		F4F16E11284E44D200FBCC58 /* ResultListCell.swift in Sources */ = {isa = PBXBuildFile; fileRef = F4F16E10284E44D200FBCC58 /* ResultListCell.swift */; };
		F4F16E14284E450B00FBCC58 /* ResultListCellData.swift in Sources */ = {isa = PBXBuildFile; fileRef = F4F16E13284E450B00FBCC58 /* ResultListCellData.swift */; };
		F4F16E1B284E4DE000FBCC58 /* AlertActionConvertible.swift in Sources */ = {isa = PBXBuildFile; fileRef = F4F16E1A284E4DE000FBCC58 /* AlertActionConvertible.swift */; };
		F4F16E1E284EF91400FBCC58 /* DaumKakaoBlog.swift in Sources */ = {isa = PBXBuildFile; fileRef = F4F16E1D284EF91400FBCC58 /* DaumKakaoBlog.swift */; };
		F4F16E21284EFBEC00FBCC58 /* Date+.swift in Sources */ = {isa = PBXBuildFile; fileRef = F4F16E20284EFBEC00FBCC58 /* Date+.swift */; };
		F4F16E24284EFE0600FBCC58 /* SearchBlogAPI.swift in Sources */ = {isa = PBXBuildFile; fileRef = F4F16E23284EFE0600FBCC58 /* SearchBlogAPI.swift */; };
		F4F16E26284EFF0C00FBCC58 /* SearchBlogNetwork.swift in Sources */ = {isa = PBXBuildFile; fileRef = F4F16E25284EFF0C00FBCC58 /* SearchBlogNetwork.swift */; };
		F4FE62382851C56F000645B9 /* SearchBarViewModel.swift in Sources */ = {isa = PBXBuildFile; fileRef = F4FE62372851C56F000645B9 /* SearchBarViewModel.swift */; };
		F4FE623A2851C704000645B9 /* FilterViewModel.swift in Sources */ = {isa = PBXBuildFile; fileRef = F4FE62392851C704000645B9 /* FilterViewModel.swift */; };
		F4FE623C2851C79C000645B9 /* ResultListViewModel.swift in Sources */ = {isa = PBXBuildFile; fileRef = F4FE623B2851C79C000645B9 /* ResultListViewModel.swift */; };
		F4FE623E2852E5C6000645B9 /* MainViewModel.swift in Sources */ = {isa = PBXBuildFile; fileRef = F4FE623D2852E5C6000645B9 /* MainViewModel.swift */; };
		F4FE62402852EEE8000645B9 /* MainModel.swift in Sources */ = {isa = PBXBuildFile; fileRef = F4FE623F2852EEE8000645B9 /* MainModel.swift */; };
/* End PBXBuildFile section */

/* Begin PBXFileReference section */
		F4F16DDE284E3A5A00FBCC58 /* BlogCafeSearch.app */ = {isa = PBXFileReference; explicitFileType = wrapper.application; includeInIndex = 0; path = BlogCafeSearch.app; sourceTree = BUILT_PRODUCTS_DIR; };
		F4F16DE1284E3A5A00FBCC58 /* AppDelegate.swift */ = {isa = PBXFileReference; lastKnownFileType = sourcecode.swift; path = AppDelegate.swift; sourceTree = "<group>"; };
		F4F16DE3284E3A5A00FBCC58 /* SceneDelegate.swift */ = {isa = PBXFileReference; lastKnownFileType = sourcecode.swift; path = SceneDelegate.swift; sourceTree = "<group>"; };
		F4F16DE5284E3A5A00FBCC58 /* MainViewController.swift */ = {isa = PBXFileReference; lastKnownFileType = sourcecode.swift; path = MainViewController.swift; sourceTree = "<group>"; };
		F4F16DEA284E3A5D00FBCC58 /* Assets.xcassets */ = {isa = PBXFileReference; lastKnownFileType = folder.assetcatalog; path = Assets.xcassets; sourceTree = "<group>"; };
		F4F16DED284E3A5D00FBCC58 /* Base */ = {isa = PBXFileReference; lastKnownFileType = file.storyboard; name = Base; path = Base.lproj/LaunchScreen.storyboard; sourceTree = "<group>"; };
		F4F16DEF284E3A5D00FBCC58 /* Info.plist */ = {isa = PBXFileReference; lastKnownFileType = text.plist.xml; path = Info.plist; sourceTree = "<group>"; };
		F4F16E08284E3C6900FBCC58 /* ViewRepresentable.swift */ = {isa = PBXFileReference; lastKnownFileType = sourcecode.swift; path = ViewRepresentable.swift; sourceTree = "<group>"; };
		F4F16E0A284E3DBD00FBCC58 /* SearchBar.swift */ = {isa = PBXFileReference; lastKnownFileType = sourcecode.swift; path = SearchBar.swift; sourceTree = "<group>"; };
		F4F16E0C284E428B00FBCC58 /* FilterView.swift */ = {isa = PBXFileReference; lastKnownFileType = sourcecode.swift; path = FilterView.swift; sourceTree = "<group>"; };
		F4F16E0E284E44BB00FBCC58 /* ResultList.swift */ = {isa = PBXFileReference; lastKnownFileType = sourcecode.swift; path = ResultList.swift; sourceTree = "<group>"; };
		F4F16E10284E44D200FBCC58 /* ResultListCell.swift */ = {isa = PBXFileReference; lastKnownFileType = sourcecode.swift; path = ResultListCell.swift; sourceTree = "<group>"; };
		F4F16E13284E450B00FBCC58 /* ResultListCellData.swift */ = {isa = PBXFileReference; lastKnownFileType = sourcecode.swift; path = ResultListCellData.swift; sourceTree = "<group>"; };
		F4F16E1A284E4DE000FBCC58 /* AlertActionConvertible.swift */ = {isa = PBXFileReference; lastKnownFileType = sourcecode.swift; path = AlertActionConvertible.swift; sourceTree = "<group>"; };
		F4F16E1C284EF5A300FBCC58 /* Secrets.xcconfig */ = {isa = PBXFileReference; lastKnownFileType = text.xcconfig; path = Secrets.xcconfig; sourceTree = "<group>"; };
		F4F16E1D284EF91400FBCC58 /* DaumKakaoBlog.swift */ = {isa = PBXFileReference; lastKnownFileType = sourcecode.swift; path = DaumKakaoBlog.swift; sourceTree = "<group>"; };
		F4F16E20284EFBEC00FBCC58 /* Date+.swift */ = {isa = PBXFileReference; lastKnownFileType = sourcecode.swift; path = "Date+.swift"; sourceTree = "<group>"; };
		F4F16E23284EFE0600FBCC58 /* SearchBlogAPI.swift */ = {isa = PBXFileReference; lastKnownFileType = sourcecode.swift; path = SearchBlogAPI.swift; sourceTree = "<group>"; };
		F4F16E25284EFF0C00FBCC58 /* SearchBlogNetwork.swift */ = {isa = PBXFileReference; lastKnownFileType = sourcecode.swift; path = SearchBlogNetwork.swift; sourceTree = "<group>"; };
		F4FE62372851C56F000645B9 /* SearchBarViewModel.swift */ = {isa = PBXFileReference; lastKnownFileType = sourcecode.swift; path = SearchBarViewModel.swift; sourceTree = "<group>"; };
		F4FE62392851C704000645B9 /* FilterViewModel.swift */ = {isa = PBXFileReference; lastKnownFileType = sourcecode.swift; path = FilterViewModel.swift; sourceTree = "<group>"; };
		F4FE623B2851C79C000645B9 /* ResultListViewModel.swift */ = {isa = PBXFileReference; lastKnownFileType = sourcecode.swift; path = ResultListViewModel.swift; sourceTree = "<group>"; };
		F4FE623D2852E5C6000645B9 /* MainViewModel.swift */ = {isa = PBXFileReference; lastKnownFileType = sourcecode.swift; path = MainViewModel.swift; sourceTree = "<group>"; };
		F4FE623F2852EEE8000645B9 /* MainModel.swift */ = {isa = PBXFileReference; lastKnownFileType = sourcecode.swift; path = MainModel.swift; sourceTree = "<group>"; };
/* End PBXFileReference section */

/* Begin PBXFrameworksBuildPhase section */
		F4F16DDB284E3A5A00FBCC58 /* Frameworks */ = {
			isa = PBXFrameworksBuildPhase;
			buildActionMask = 2147483647;
			files = (
				F4F16DFE284E3B2700FBCC58 /* Kingfisher in Frameworks */,
				F4F16DFB284E3B0200FBCC58 /* RxSwift in Frameworks */,
				F4F16DF9284E3B0200FBCC58 /* RxRelay in Frameworks */,
				F4F16DF7284E3B0200FBCC58 /* RxCocoa in Frameworks */,
				F4F16E01284E3B3900FBCC58 /* SnapKit in Frameworks */,
			);
			runOnlyForDeploymentPostprocessing = 0;
		};
/* End PBXFrameworksBuildPhase section */

/* Begin PBXGroup section */
		F4F16DD5284E3A5A00FBCC58 = {
			isa = PBXGroup;
			children = (
				F4F16E1C284EF5A300FBCC58 /* Secrets.xcconfig */,
				F4F16DE0284E3A5A00FBCC58 /* BlogCafeSearch */,
				F4F16DDF284E3A5A00FBCC58 /* Products */,
			);
			sourceTree = "<group>";
		};
		F4F16DDF284E3A5A00FBCC58 /* Products */ = {
			isa = PBXGroup;
			children = (
				F4F16DDE284E3A5A00FBCC58 /* BlogCafeSearch.app */,
			);
			name = Products;
			sourceTree = "<group>";
		};
		F4F16DE0284E3A5A00FBCC58 /* BlogCafeSearch */ = {
			isa = PBXGroup;
			children = (
				F4F16E03284E3C0C00FBCC58 /* Presentation */,
				F4F16E22284EFDE900FBCC58 /* Network */,
				F4F16E12284E44E200FBCC58 /* Entities */,
				F4F16E06284E3C4D00FBCC58 /* Protocols */,
				F4F16E1F284EFBD000FBCC58 /* Extensions */,
				F4F16E02284E3BFB00FBCC58 /* Resources */,
				F4F16DEF284E3A5D00FBCC58 /* Info.plist */,
			);
			path = BlogCafeSearch;
			sourceTree = "<group>";
		};
		F4F16E02284E3BFB00FBCC58 /* Resources */ = {
			isa = PBXGroup;
			children = (
				F4F16DE1284E3A5A00FBCC58 /* AppDelegate.swift */,
				F4F16DE3284E3A5A00FBCC58 /* SceneDelegate.swift */,
				F4F16DEA284E3A5D00FBCC58 /* Assets.xcassets */,
				F4F16DEC284E3A5D00FBCC58 /* LaunchScreen.storyboard */,
			);
			path = Resources;
			sourceTree = "<group>";
		};
		F4F16E03284E3C0C00FBCC58 /* Presentation */ = {
			isa = PBXGroup;
			children = (
				F4F16E16284E4C3700FBCC58 /* MainViewController */,
			);
			path = Presentation;
			sourceTree = "<group>";
		};
		F4F16E06284E3C4D00FBCC58 /* Protocols */ = {
			isa = PBXGroup;
			children = (
				F4F16E1A284E4DE000FBCC58 /* AlertActionConvertible.swift */,
				F4F16E08284E3C6900FBCC58 /* ViewRepresentable.swift */,
			);
			path = Protocols;
			sourceTree = "<group>";
		};
		F4F16E12284E44E200FBCC58 /* Entities */ = {
			isa = PBXGroup;
			children = (
				F4F16E1D284EF91400FBCC58 /* DaumKakaoBlog.swift */,
				F4F16E13284E450B00FBCC58 /* ResultListCellData.swift */,
			);
			path = Entities;
			sourceTree = "<group>";
		};
		F4F16E15284E4C0E00FBCC58 /* SubComponents */ = {
			isa = PBXGroup;
			children = (
				F4F16E17284E4C5500FBCC58 /* SearchBar */,
				F4F16E18284E4C6700FBCC58 /* ResultList */,
			);
			path = SubComponents;
			sourceTree = "<group>";
		};
		F4F16E16284E4C3700FBCC58 /* MainViewController */ = {
			isa = PBXGroup;
			children = (
				F4F16DE5284E3A5A00FBCC58 /* MainViewController.swift */,
				F4FE623D2852E5C6000645B9 /* MainViewModel.swift */,
				F4FE623F2852EEE8000645B9 /* MainModel.swift */,
				F4F16E15284E4C0E00FBCC58 /* SubComponents */,
			);
			path = MainViewController;
			sourceTree = "<group>";
		};
		F4F16E17284E4C5500FBCC58 /* SearchBar */ = {
			isa = PBXGroup;
			children = (
				F4F16E0A284E3DBD00FBCC58 /* SearchBar.swift */,
				F4FE62372851C56F000645B9 /* SearchBarViewModel.swift */,
			);
			path = SearchBar;
			sourceTree = "<group>";
		};
		F4F16E18284E4C6700FBCC58 /* ResultList */ = {
			isa = PBXGroup;
			children = (
				F4F16E0E284E44BB00FBCC58 /* ResultList.swift */,
				F4FE623B2851C79C000645B9 /* ResultListViewModel.swift */,
				F4F16E19284E4C7E00FBCC58 /* SubComponents */,
			);
			path = ResultList;
			sourceTree = "<group>";
		};
		F4F16E19284E4C7E00FBCC58 /* SubComponents */ = {
			isa = PBXGroup;
			children = (
				F4F16E0C284E428B00FBCC58 /* FilterView.swift */,
				F4FE62392851C704000645B9 /* FilterViewModel.swift */,
				F4F16E10284E44D200FBCC58 /* ResultListCell.swift */,
			);
			path = SubComponents;
			sourceTree = "<group>";
		};
		F4F16E1F284EFBD000FBCC58 /* Extensions */ = {
			isa = PBXGroup;
			children = (
				F4F16E20284EFBEC00FBCC58 /* Date+.swift */,
			);
			path = Extensions;
			sourceTree = "<group>";
		};
		F4F16E22284EFDE900FBCC58 /* Network */ = {
			isa = PBXGroup;
			children = (
				F4F16E23284EFE0600FBCC58 /* SearchBlogAPI.swift */,
				F4F16E25284EFF0C00FBCC58 /* SearchBlogNetwork.swift */,
			);
			path = Network;
			sourceTree = "<group>";
		};
/* End PBXGroup section */

/* Begin PBXNativeTarget section */
		F4F16DDD284E3A5A00FBCC58 /* BlogCafeSearch */ = {
			isa = PBXNativeTarget;
			buildConfigurationList = F4F16DF2284E3A5D00FBCC58 /* Build configuration list for PBXNativeTarget "BlogCafeSearch" */;
			buildPhases = (
				F4F16DDA284E3A5A00FBCC58 /* Sources */,
				F4F16DDB284E3A5A00FBCC58 /* Frameworks */,
				F4F16DDC284E3A5A00FBCC58 /* Resources */,
			);
			buildRules = (
			);
			dependencies = (
			);
			name = BlogCafeSearch;
			packageProductDependencies = (
				F4F16DF6284E3B0200FBCC58 /* RxCocoa */,
				F4F16DF8284E3B0200FBCC58 /* RxRelay */,
				F4F16DFA284E3B0200FBCC58 /* RxSwift */,
				F4F16DFD284E3B2700FBCC58 /* Kingfisher */,
				F4F16E00284E3B3900FBCC58 /* SnapKit */,
			);
			productName = BlogCafeSearch;
			productReference = F4F16DDE284E3A5A00FBCC58 /* BlogCafeSearch.app */;
			productType = "com.apple.product-type.application";
		};
/* End PBXNativeTarget section */

/* Begin PBXProject section */
		F4F16DD6284E3A5A00FBCC58 /* Project object */ = {
			isa = PBXProject;
			attributes = {
				BuildIndependentTargetsInParallel = 1;
				LastSwiftUpdateCheck = 1330;
				LastUpgradeCheck = 1330;
				TargetAttributes = {
					F4F16DDD284E3A5A00FBCC58 = {
						CreatedOnToolsVersion = 13.3.1;
					};
				};
			};
			buildConfigurationList = F4F16DD9284E3A5A00FBCC58 /* Build configuration list for PBXProject "BlogCafeSearch" */;
			compatibilityVersion = "Xcode 13.0";
			developmentRegion = en;
			hasScannedForEncodings = 0;
			knownRegions = (
				en,
				Base,
			);
			mainGroup = F4F16DD5284E3A5A00FBCC58;
			packageReferences = (
				F4F16DF5284E3B0200FBCC58 /* XCRemoteSwiftPackageReference "RxSwift" */,
				F4F16DFC284E3B2700FBCC58 /* XCRemoteSwiftPackageReference "Kingfisher" */,
				F4F16DFF284E3B3900FBCC58 /* XCRemoteSwiftPackageReference "SnapKit" */,
			);
			productRefGroup = F4F16DDF284E3A5A00FBCC58 /* Products */;
			projectDirPath = "";
			projectRoot = "";
			targets = (
				F4F16DDD284E3A5A00FBCC58 /* BlogCafeSearch */,
			);
		};
/* End PBXProject section */

/* Begin PBXResourcesBuildPhase section */
		F4F16DDC284E3A5A00FBCC58 /* Resources */ = {
			isa = PBXResourcesBuildPhase;
			buildActionMask = 2147483647;
			files = (
				F4F16DEE284E3A5D00FBCC58 /* LaunchScreen.storyboard in Resources */,
				F4F16DEB284E3A5D00FBCC58 /* Assets.xcassets in Resources */,
			);
			runOnlyForDeploymentPostprocessing = 0;
		};
/* End PBXResourcesBuildPhase section */

/* Begin PBXSourcesBuildPhase section */
		F4F16DDA284E3A5A00FBCC58 /* Sources */ = {
			isa = PBXSourcesBuildPhase;
			buildActionMask = 2147483647;
			files = (
				F4F16E1E284EF91400FBCC58 /* DaumKakaoBlog.swift in Sources */,
				F4F16E0D284E428B00FBCC58 /* FilterView.swift in Sources */,
				F4FE623A2851C704000645B9 /* FilterViewModel.swift in Sources */,
				F4F16DE6284E3A5A00FBCC58 /* MainViewController.swift in Sources */,
				F4F16E21284EFBEC00FBCC58 /* Date+.swift in Sources */,
				F4F16E24284EFE0600FBCC58 /* SearchBlogAPI.swift in Sources */,
				F4FE62402852EEE8000645B9 /* MainModel.swift in Sources */,
				F4F16E1B284E4DE000FBCC58 /* AlertActionConvertible.swift in Sources */,
				F4F16DE2284E3A5A00FBCC58 /* AppDelegate.swift in Sources */,
				F4F16E14284E450B00FBCC58 /* ResultListCellData.swift in Sources */,
				F4F16E26284EFF0C00FBCC58 /* SearchBlogNetwork.swift in Sources */,
				F4F16DE4284E3A5A00FBCC58 /* SceneDelegate.swift in Sources */,
				F4F16E09284E3C6900FBCC58 /* ViewRepresentable.swift in Sources */,
				F4FE623C2851C79C000645B9 /* ResultListViewModel.swift in Sources */,
				F4F16E11284E44D200FBCC58 /* ResultListCell.swift in Sources */,
				F4FE62382851C56F000645B9 /* SearchBarViewModel.swift in Sources */,
				F4F16E0F284E44BB00FBCC58 /* ResultList.swift in Sources */,
				F4F16E0B284E3DBD00FBCC58 /* SearchBar.swift in Sources */,
				F4FE623E2852E5C6000645B9 /* MainViewModel.swift in Sources */,
			);
			runOnlyForDeploymentPostprocessing = 0;
		};
/* End PBXSourcesBuildPhase section */

/* Begin PBXVariantGroup section */
		F4F16DEC284E3A5D00FBCC58 /* LaunchScreen.storyboard */ = {
			isa = PBXVariantGroup;
			children = (
				F4F16DED284E3A5D00FBCC58 /* Base */,
			);
			name = LaunchScreen.storyboard;
			sourceTree = "<group>";
		};
/* End PBXVariantGroup section */

/* Begin XCBuildConfiguration section */
		F4F16DF0284E3A5D00FBCC58 /* Debug */ = {
			isa = XCBuildConfiguration;
			buildSettings = {
				ALWAYS_SEARCH_USER_PATHS = NO;
				CLANG_ANALYZER_NONNULL = YES;
				CLANG_ANALYZER_NUMBER_OBJECT_CONVERSION = YES_AGGRESSIVE;
				CLANG_CXX_LANGUAGE_STANDARD = "gnu++17";
				CLANG_ENABLE_MODULES = YES;
				CLANG_ENABLE_OBJC_ARC = YES;
				CLANG_ENABLE_OBJC_WEAK = YES;
				CLANG_WARN_BLOCK_CAPTURE_AUTORELEASING = YES;
				CLANG_WARN_BOOL_CONVERSION = YES;
				CLANG_WARN_COMMA = YES;
				CLANG_WARN_CONSTANT_CONVERSION = YES;
				CLANG_WARN_DEPRECATED_OBJC_IMPLEMENTATIONS = YES;
				CLANG_WARN_DIRECT_OBJC_ISA_USAGE = YES_ERROR;
				CLANG_WARN_DOCUMENTATION_COMMENTS = YES;
				CLANG_WARN_EMPTY_BODY = YES;
				CLANG_WARN_ENUM_CONVERSION = YES;
				CLANG_WARN_INFINITE_RECURSION = YES;
				CLANG_WARN_INT_CONVERSION = YES;
				CLANG_WARN_NON_LITERAL_NULL_CONVERSION = YES;
				CLANG_WARN_OBJC_IMPLICIT_RETAIN_SELF = YES;
				CLANG_WARN_OBJC_LITERAL_CONVERSION = YES;
				CLANG_WARN_OBJC_ROOT_CLASS = YES_ERROR;
				CLANG_WARN_QUOTED_INCLUDE_IN_FRAMEWORK_HEADER = YES;
				CLANG_WARN_RANGE_LOOP_ANALYSIS = YES;
				CLANG_WARN_STRICT_PROTOTYPES = YES;
				CLANG_WARN_SUSPICIOUS_MOVE = YES;
				CLANG_WARN_UNGUARDED_AVAILABILITY = YES_AGGRESSIVE;
				CLANG_WARN_UNREACHABLE_CODE = YES;
				CLANG_WARN__DUPLICATE_METHOD_MATCH = YES;
				COPY_PHASE_STRIP = NO;
				DEBUG_INFORMATION_FORMAT = dwarf;
				ENABLE_STRICT_OBJC_MSGSEND = YES;
				ENABLE_TESTABILITY = YES;
				GCC_C_LANGUAGE_STANDARD = gnu11;
				GCC_DYNAMIC_NO_PIC = NO;
				GCC_NO_COMMON_BLOCKS = YES;
				GCC_OPTIMIZATION_LEVEL = 0;
				GCC_PREPROCESSOR_DEFINITIONS = (
					"DEBUG=1",
					"$(inherited)",
				);
				GCC_WARN_64_TO_32_BIT_CONVERSION = YES;
				GCC_WARN_ABOUT_RETURN_TYPE = YES_ERROR;
				GCC_WARN_UNDECLARED_SELECTOR = YES;
				GCC_WARN_UNINITIALIZED_AUTOS = YES_AGGRESSIVE;
				GCC_WARN_UNUSED_FUNCTION = YES;
				GCC_WARN_UNUSED_VARIABLE = YES;
				IPHONEOS_DEPLOYMENT_TARGET = 15.4;
				MTL_ENABLE_DEBUG_INFO = INCLUDE_SOURCE;
				MTL_FAST_MATH = YES;
				ONLY_ACTIVE_ARCH = YES;
				SDKROOT = iphoneos;
				SWIFT_ACTIVE_COMPILATION_CONDITIONS = DEBUG;
				SWIFT_OPTIMIZATION_LEVEL = "-Onone";
			};
			name = Debug;
		};
		F4F16DF1284E3A5D00FBCC58 /* Release */ = {
			isa = XCBuildConfiguration;
			buildSettings = {
				ALWAYS_SEARCH_USER_PATHS = NO;
				CLANG_ANALYZER_NONNULL = YES;
				CLANG_ANALYZER_NUMBER_OBJECT_CONVERSION = YES_AGGRESSIVE;
				CLANG_CXX_LANGUAGE_STANDARD = "gnu++17";
				CLANG_ENABLE_MODULES = YES;
				CLANG_ENABLE_OBJC_ARC = YES;
				CLANG_ENABLE_OBJC_WEAK = YES;
				CLANG_WARN_BLOCK_CAPTURE_AUTORELEASING = YES;
				CLANG_WARN_BOOL_CONVERSION = YES;
				CLANG_WARN_COMMA = YES;
				CLANG_WARN_CONSTANT_CONVERSION = YES;
				CLANG_WARN_DEPRECATED_OBJC_IMPLEMENTATIONS = YES;
				CLANG_WARN_DIRECT_OBJC_ISA_USAGE = YES_ERROR;
				CLANG_WARN_DOCUMENTATION_COMMENTS = YES;
				CLANG_WARN_EMPTY_BODY = YES;
				CLANG_WARN_ENUM_CONVERSION = YES;
				CLANG_WARN_INFINITE_RECURSION = YES;
				CLANG_WARN_INT_CONVERSION = YES;
				CLANG_WARN_NON_LITERAL_NULL_CONVERSION = YES;
				CLANG_WARN_OBJC_IMPLICIT_RETAIN_SELF = YES;
				CLANG_WARN_OBJC_LITERAL_CONVERSION = YES;
				CLANG_WARN_OBJC_ROOT_CLASS = YES_ERROR;
				CLANG_WARN_QUOTED_INCLUDE_IN_FRAMEWORK_HEADER = YES;
				CLANG_WARN_RANGE_LOOP_ANALYSIS = YES;
				CLANG_WARN_STRICT_PROTOTYPES = YES;
				CLANG_WARN_SUSPICIOUS_MOVE = YES;
				CLANG_WARN_UNGUARDED_AVAILABILITY = YES_AGGRESSIVE;
				CLANG_WARN_UNREACHABLE_CODE = YES;
				CLANG_WARN__DUPLICATE_METHOD_MATCH = YES;
				COPY_PHASE_STRIP = NO;
				DEBUG_INFORMATION_FORMAT = "dwarf-with-dsym";
				ENABLE_NS_ASSERTIONS = NO;
				ENABLE_STRICT_OBJC_MSGSEND = YES;
				GCC_C_LANGUAGE_STANDARD = gnu11;
				GCC_NO_COMMON_BLOCKS = YES;
				GCC_WARN_64_TO_32_BIT_CONVERSION = YES;
				GCC_WARN_ABOUT_RETURN_TYPE = YES_ERROR;
				GCC_WARN_UNDECLARED_SELECTOR = YES;
				GCC_WARN_UNINITIALIZED_AUTOS = YES_AGGRESSIVE;
				GCC_WARN_UNUSED_FUNCTION = YES;
				GCC_WARN_UNUSED_VARIABLE = YES;
				IPHONEOS_DEPLOYMENT_TARGET = 15.4;
				MTL_ENABLE_DEBUG_INFO = NO;
				MTL_FAST_MATH = YES;
				SDKROOT = iphoneos;
				SWIFT_COMPILATION_MODE = wholemodule;
				SWIFT_OPTIMIZATION_LEVEL = "-O";
				VALIDATE_PRODUCT = YES;
			};
			name = Release;
		};
		F4F16DF3284E3A5D00FBCC58 /* Debug */ = {
			isa = XCBuildConfiguration;
			baseConfigurationReference = F4F16E1C284EF5A300FBCC58 /* Secrets.xcconfig */;
			buildSettings = {
				ASSETCATALOG_COMPILER_APPICON_NAME = AppIcon;
				ASSETCATALOG_COMPILER_GLOBAL_ACCENT_COLOR_NAME = AccentColor;
				CODE_SIGN_STYLE = Automatic;
				CURRENT_PROJECT_VERSION = 1;
				DEVELOPMENT_TEAM = AT2N75TMZD;
				GENERATE_INFOPLIST_FILE = YES;
				INFOPLIST_FILE = BlogCafeSearch/Info.plist;
				INFOPLIST_KEY_UIApplicationSupportsIndirectInputEvents = YES;
				INFOPLIST_KEY_UILaunchStoryboardName = LaunchScreen;
				INFOPLIST_KEY_UISupportedInterfaceOrientations = UIInterfaceOrientationPortrait;
				INFOPLIST_KEY_UISupportedInterfaceOrientations_iPad = "UIInterfaceOrientationPortrait UIInterfaceOrientationPortraitUpsideDown UIInterfaceOrientationLandscapeLeft UIInterfaceOrientationLandscapeRight";
				INFOPLIST_KEY_UISupportedInterfaceOrientations_iPhone = "UIInterfaceOrientationPortrait UIInterfaceOrientationLandscapeLeft UIInterfaceOrientationLandscapeRight";
				LD_RUNPATH_SEARCH_PATHS = (
					"$(inherited)",
					"@executable_path/Frameworks",
				);
				MARKETING_VERSION = 1.0;
				PRODUCT_BUNDLE_IDENTIFIER = com.simon.BlogCafeSearch;
				PRODUCT_NAME = "$(TARGET_NAME)";
				SWIFT_EMIT_LOC_STRINGS = YES;
				SWIFT_VERSION = 5.0;
				TARGETED_DEVICE_FAMILY = "1,2";
			};
			name = Debug;
		};
		F4F16DF4284E3A5D00FBCC58 /* Release */ = {
			isa = XCBuildConfiguration;
			baseConfigurationReference = F4F16E1C284EF5A300FBCC58 /* Secrets.xcconfig */;
			buildSettings = {
				ASSETCATALOG_COMPILER_APPICON_NAME = AppIcon;
				ASSETCATALOG_COMPILER_GLOBAL_ACCENT_COLOR_NAME = AccentColor;
				CODE_SIGN_STYLE = Automatic;
				CURRENT_PROJECT_VERSION = 1;
				DEVELOPMENT_TEAM = AT2N75TMZD;
				GENERATE_INFOPLIST_FILE = YES;
				INFOPLIST_FILE = BlogCafeSearch/Info.plist;
				INFOPLIST_KEY_UIApplicationSupportsIndirectInputEvents = YES;
				INFOPLIST_KEY_UILaunchStoryboardName = LaunchScreen;
				INFOPLIST_KEY_UISupportedInterfaceOrientations = UIInterfaceOrientationPortrait;
				INFOPLIST_KEY_UISupportedInterfaceOrientations_iPad = "UIInterfaceOrientationPortrait UIInterfaceOrientationPortraitUpsideDown UIInterfaceOrientationLandscapeLeft UIInterfaceOrientationLandscapeRight";
				INFOPLIST_KEY_UISupportedInterfaceOrientations_iPhone = "UIInterfaceOrientationPortrait UIInterfaceOrientationLandscapeLeft UIInterfaceOrientationLandscapeRight";
				LD_RUNPATH_SEARCH_PATHS = (
					"$(inherited)",
					"@executable_path/Frameworks",
				);
				MARKETING_VERSION = 1.0;
				PRODUCT_BUNDLE_IDENTIFIER = com.simon.BlogCafeSearch;
				PRODUCT_NAME = "$(TARGET_NAME)";
				SWIFT_EMIT_LOC_STRINGS = YES;
				SWIFT_VERSION = 5.0;
				TARGETED_DEVICE_FAMILY = "1,2";
			};
			name = Release;
		};
/* End XCBuildConfiguration section */

/* Begin XCConfigurationList section */
		F4F16DD9284E3A5A00FBCC58 /* Build configuration list for PBXProject "BlogCafeSearch" */ = {
			isa = XCConfigurationList;
			buildConfigurations = (
				F4F16DF0284E3A5D00FBCC58 /* Debug */,
				F4F16DF1284E3A5D00FBCC58 /* Release */,
			);
			defaultConfigurationIsVisible = 0;
			defaultConfigurationName = Release;
		};
		F4F16DF2284E3A5D00FBCC58 /* Build configuration list for PBXNativeTarget "BlogCafeSearch" */ = {
			isa = XCConfigurationList;
			buildConfigurations = (
				F4F16DF3284E3A5D00FBCC58 /* Debug */,
				F4F16DF4284E3A5D00FBCC58 /* Release */,
			);
			defaultConfigurationIsVisible = 0;
			defaultConfigurationName = Release;
		};
/* End XCConfigurationList section */

/* Begin XCRemoteSwiftPackageReference section */
		F4F16DF5284E3B0200FBCC58 /* XCRemoteSwiftPackageReference "RxSwift" */ = {
			isa = XCRemoteSwiftPackageReference;
			repositoryURL = "https://github.com/ReactiveX/RxSwift.git";
			requirement = {
				branch = main;
				kind = branch;
			};
		};
		F4F16DFC284E3B2700FBCC58 /* XCRemoteSwiftPackageReference "Kingfisher" */ = {
			isa = XCRemoteSwiftPackageReference;
			repositoryURL = "https://github.com/onevcat/Kingfisher.git";
			requirement = {
				branch = master;
				kind = branch;
			};
		};
		F4F16DFF284E3B3900FBCC58 /* XCRemoteSwiftPackageReference "SnapKit" */ = {
			isa = XCRemoteSwiftPackageReference;
			repositoryURL = "https://github.com/SnapKit/SnapKit.git";
			requirement = {
				branch = develop;
				kind = branch;
			};
		};
/* End XCRemoteSwiftPackageReference section */

/* Begin XCSwiftPackageProductDependency section */
		F4F16DF6284E3B0200FBCC58 /* RxCocoa */ = {
			isa = XCSwiftPackageProductDependency;
			package = F4F16DF5284E3B0200FBCC58 /* XCRemoteSwiftPackageReference "RxSwift" */;
			productName = RxCocoa;
		};
		F4F16DF8284E3B0200FBCC58 /* RxRelay */ = {
			isa = XCSwiftPackageProductDependency;
			package = F4F16DF5284E3B0200FBCC58 /* XCRemoteSwiftPackageReference "RxSwift" */;
			productName = RxRelay;
		};
		F4F16DFA284E3B0200FBCC58 /* RxSwift */ = {
			isa = XCSwiftPackageProductDependency;
			package = F4F16DF5284E3B0200FBCC58 /* XCRemoteSwiftPackageReference "RxSwift" */;
			productName = RxSwift;
		};
		F4F16DFD284E3B2700FBCC58 /* Kingfisher */ = {
			isa = XCSwiftPackageProductDependency;
			package = F4F16DFC284E3B2700FBCC58 /* XCRemoteSwiftPackageReference "Kingfisher" */;
			productName = Kingfisher;
		};
		F4F16E00284E3B3900FBCC58 /* SnapKit */ = {
			isa = XCSwiftPackageProductDependency;
			package = F4F16DFF284E3B3900FBCC58 /* XCRemoteSwiftPackageReference "SnapKit" */;
			productName = SnapKit;
		};
/* End XCSwiftPackageProductDependency section */
	};
	rootObject = F4F16DD6284E3A5A00FBCC58 /* Project object */;
}
