// !$*UTF8*$!
{
	archiveVersion = 1;
	classes = {
	};
	objectVersion = 55;
	objects = {

/* Begin PBXBuildFile section */
		F4469F262840BBDD00D55A57 /* StationArrivalResponseModel.swift in Sources */ = {isa = PBXBuildFile; fileRef = F4469F252840BBDD00D55A57 /* StationArrivalResponseModel.swift */; };
		F46802F32840820D00C96EFC /* AppDelegate.swift in Sources */ = {isa = PBXBuildFile; fileRef = F46802F22840820D00C96EFC /* AppDelegate.swift */; };
		F46802F52840820D00C96EFC /* SceneDelegate.swift in Sources */ = {isa = PBXBuildFile; fileRef = F46802F42840820D00C96EFC /* SceneDelegate.swift */; };
		F46802F72840820D00C96EFC /* SearchViewController.swift in Sources */ = {isa = PBXBuildFile; fileRef = F46802F62840820D00C96EFC /* SearchViewController.swift */; };
		F46802FC2840820F00C96EFC /* Assets.xcassets in Resources */ = {isa = PBXBuildFile; fileRef = F46802FB2840820F00C96EFC /* Assets.xcassets */; };
		F46802FF2840820F00C96EFC /* LaunchScreen.storyboard in Resources */ = {isa = PBXBuildFile; fileRef = F46802FD2840820F00C96EFC /* LaunchScreen.storyboard */; };
		F4680309284082B300C96EFC /* SnapKit in Frameworks */ = {isa = PBXBuildFile; productRef = F4680308284082B300C96EFC /* SnapKit */; };
		F468030C284082C000C96EFC /* Alamofire in Frameworks */ = {isa = PBXBuildFile; productRef = F468030B284082C000C96EFC /* Alamofire */; };
		F468030E284082E800C96EFC /* SearchView.swift in Sources */ = {isa = PBXBuildFile; fileRef = F468030D284082E800C96EFC /* SearchView.swift */; };
		F46803112840834000C96EFC /* ViewRepresentable.swift in Sources */ = {isa = PBXBuildFile; fileRef = F46803102840834000C96EFC /* ViewRepresentable.swift */; };
		F468031528409EBE00C96EFC /* DetailViewController.swift in Sources */ = {isa = PBXBuildFile; fileRef = F468031428409EBE00C96EFC /* DetailViewController.swift */; };
		F46803172840A09500C96EFC /* DetailView.swift in Sources */ = {isa = PBXBuildFile; fileRef = F46803162840A09500C96EFC /* DetailView.swift */; };
		F46803192840A49700C96EFC /* DetailViewCell.swift in Sources */ = {isa = PBXBuildFile; fileRef = F46803182840A49700C96EFC /* DetailViewCell.swift */; };
		F468031C2840B19700C96EFC /* StationResponseModel.swift in Sources */ = {isa = PBXBuildFile; fileRef = F468031B2840B19700C96EFC /* StationResponseModel.swift */; };
/* End PBXBuildFile section */

/* Begin PBXFileReference section */
		F4469F252840BBDD00D55A57 /* StationArrivalResponseModel.swift */ = {isa = PBXFileReference; lastKnownFileType = sourcecode.swift; path = StationArrivalResponseModel.swift; sourceTree = "<group>"; };
		F46802EF2840820D00C96EFC /* Subway.app */ = {isa = PBXFileReference; explicitFileType = wrapper.application; includeInIndex = 0; path = Subway.app; sourceTree = BUILT_PRODUCTS_DIR; };
		F46802F22840820D00C96EFC /* AppDelegate.swift */ = {isa = PBXFileReference; lastKnownFileType = sourcecode.swift; path = AppDelegate.swift; sourceTree = "<group>"; };
		F46802F42840820D00C96EFC /* SceneDelegate.swift */ = {isa = PBXFileReference; lastKnownFileType = sourcecode.swift; path = SceneDelegate.swift; sourceTree = "<group>"; };
		F46802F62840820D00C96EFC /* SearchViewController.swift */ = {isa = PBXFileReference; lastKnownFileType = sourcecode.swift; path = SearchViewController.swift; sourceTree = "<group>"; };
		F46802FB2840820F00C96EFC /* Assets.xcassets */ = {isa = PBXFileReference; lastKnownFileType = folder.assetcatalog; path = Assets.xcassets; sourceTree = "<group>"; };
		F46802FE2840820F00C96EFC /* Base */ = {isa = PBXFileReference; lastKnownFileType = file.storyboard; name = Base; path = Base.lproj/LaunchScreen.storyboard; sourceTree = "<group>"; };
		F46803002840820F00C96EFC /* Info.plist */ = {isa = PBXFileReference; lastKnownFileType = text.plist.xml; path = Info.plist; sourceTree = "<group>"; };
		F468030D284082E800C96EFC /* SearchView.swift */ = {isa = PBXFileReference; lastKnownFileType = sourcecode.swift; path = SearchView.swift; sourceTree = "<group>"; };
		F46803102840834000C96EFC /* ViewRepresentable.swift */ = {isa = PBXFileReference; lastKnownFileType = sourcecode.swift; path = ViewRepresentable.swift; sourceTree = "<group>"; };
		F46803122840841B00C96EFC /* Secret.xcconfig */ = {isa = PBXFileReference; lastKnownFileType = text.xcconfig; path = Secret.xcconfig; sourceTree = "<group>"; };
		F468031428409EBE00C96EFC /* DetailViewController.swift */ = {isa = PBXFileReference; lastKnownFileType = sourcecode.swift; path = DetailViewController.swift; sourceTree = "<group>"; };
		F46803162840A09500C96EFC /* DetailView.swift */ = {isa = PBXFileReference; lastKnownFileType = sourcecode.swift; path = DetailView.swift; sourceTree = "<group>"; };
		F46803182840A49700C96EFC /* DetailViewCell.swift */ = {isa = PBXFileReference; lastKnownFileType = sourcecode.swift; path = DetailViewCell.swift; sourceTree = "<group>"; };
		F468031B2840B19700C96EFC /* StationResponseModel.swift */ = {isa = PBXFileReference; lastKnownFileType = sourcecode.swift; path = StationResponseModel.swift; sourceTree = "<group>"; };
/* End PBXFileReference section */

/* Begin PBXFrameworksBuildPhase section */
		F46802EC2840820D00C96EFC /* Frameworks */ = {
			isa = PBXFrameworksBuildPhase;
			buildActionMask = 2147483647;
			files = (
				F4680309284082B300C96EFC /* SnapKit in Frameworks */,
				F468030C284082C000C96EFC /* Alamofire in Frameworks */,
			);
			runOnlyForDeploymentPostprocessing = 0;
		};
/* End PBXFrameworksBuildPhase section */

/* Begin PBXGroup section */
		F46802E62840820D00C96EFC = {
			isa = PBXGroup;
			children = (
				F46803122840841B00C96EFC /* Secret.xcconfig */,
				F46802F12840820D00C96EFC /* Subway */,
				F46802F02840820D00C96EFC /* Products */,
			);
			sourceTree = "<group>";
		};
		F46802F02840820D00C96EFC /* Products */ = {
			isa = PBXGroup;
			children = (
				F46802EF2840820D00C96EFC /* Subway.app */,
			);
			name = Products;
			sourceTree = "<group>";
		};
		F46802F12840820D00C96EFC /* Subway */ = {
			isa = PBXGroup;
			children = (
				F468031A2840B18000C96EFC /* Model */,
				F468031328409EA300C96EFC /* Scenes */,
				F468030F2840832A00C96EFC /* Protocols */,
				F46803062840826D00C96EFC /* Resources */,
				F46803002840820F00C96EFC /* Info.plist */,
			);
			path = Subway;
			sourceTree = "<group>";
		};
		F46803062840826D00C96EFC /* Resources */ = {
			isa = PBXGroup;
			children = (
				F46802F22840820D00C96EFC /* AppDelegate.swift */,
				F46802F42840820D00C96EFC /* SceneDelegate.swift */,
				F46802FB2840820F00C96EFC /* Assets.xcassets */,
				F46802FD2840820F00C96EFC /* LaunchScreen.storyboard */,
			);
			path = Resources;
			sourceTree = "<group>";
		};
		F468030F2840832A00C96EFC /* Protocols */ = {
			isa = PBXGroup;
			children = (
				F46803102840834000C96EFC /* ViewRepresentable.swift */,
			);
			path = Protocols;
			sourceTree = "<group>";
		};
		F468031328409EA300C96EFC /* Scenes */ = {
			isa = PBXGroup;
			children = (
				F468030D284082E800C96EFC /* SearchView.swift */,
				F46802F62840820D00C96EFC /* SearchViewController.swift */,
				F46803162840A09500C96EFC /* DetailView.swift */,
				F46803182840A49700C96EFC /* DetailViewCell.swift */,
				F468031428409EBE00C96EFC /* DetailViewController.swift */,
			);
			path = Scenes;
			sourceTree = "<group>";
		};
		F468031A2840B18000C96EFC /* Model */ = {
			isa = PBXGroup;
			children = (
				F468031B2840B19700C96EFC /* StationResponseModel.swift */,
				F4469F252840BBDD00D55A57 /* StationArrivalResponseModel.swift */,
			);
			path = Model;
			sourceTree = "<group>";
		};
/* End PBXGroup section */

/* Begin PBXNativeTarget section */
		F46802EE2840820D00C96EFC /* Subway */ = {
			isa = PBXNativeTarget;
			buildConfigurationList = F46803032840820F00C96EFC /* Build configuration list for PBXNativeTarget "Subway" */;
			buildPhases = (
				F46802EB2840820D00C96EFC /* Sources */,
				F46802EC2840820D00C96EFC /* Frameworks */,
				F46802ED2840820D00C96EFC /* Resources */,
			);
			buildRules = (
			);
			dependencies = (
			);
			name = Subway;
			packageProductDependencies = (
				F4680308284082B300C96EFC /* SnapKit */,
				F468030B284082C000C96EFC /* Alamofire */,
			);
			productName = Subway;
			productReference = F46802EF2840820D00C96EFC /* Subway.app */;
			productType = "com.apple.product-type.application";
		};
/* End PBXNativeTarget section */

/* Begin PBXProject section */
		F46802E72840820D00C96EFC /* Project object */ = {
			isa = PBXProject;
			attributes = {
				BuildIndependentTargetsInParallel = 1;
				LastSwiftUpdateCheck = 1330;
				LastUpgradeCheck = 1330;
				TargetAttributes = {
					F46802EE2840820D00C96EFC = {
						CreatedOnToolsVersion = 13.3.1;
					};
				};
			};
			buildConfigurationList = F46802EA2840820D00C96EFC /* Build configuration list for PBXProject "Subway" */;
			compatibilityVersion = "Xcode 13.0";
			developmentRegion = en;
			hasScannedForEncodings = 0;
			knownRegions = (
				en,
				Base,
			);
			mainGroup = F46802E62840820D00C96EFC;
			packageReferences = (
				F4680307284082B300C96EFC /* XCRemoteSwiftPackageReference "SnapKit" */,
				F468030A284082C000C96EFC /* XCRemoteSwiftPackageReference "Alamofire" */,
			);
			productRefGroup = F46802F02840820D00C96EFC /* Products */;
			projectDirPath = "";
			projectRoot = "";
			targets = (
				F46802EE2840820D00C96EFC /* Subway */,
			);
		};
/* End PBXProject section */

/* Begin PBXResourcesBuildPhase section */
		F46802ED2840820D00C96EFC /* Resources */ = {
			isa = PBXResourcesBuildPhase;
			buildActionMask = 2147483647;
			files = (
				F46802FF2840820F00C96EFC /* LaunchScreen.storyboard in Resources */,
				F46802FC2840820F00C96EFC /* Assets.xcassets in Resources */,
			);
			runOnlyForDeploymentPostprocessing = 0;
		};
/* End PBXResourcesBuildPhase section */

/* Begin PBXSourcesBuildPhase section */
		F46802EB2840820D00C96EFC /* Sources */ = {
			isa = PBXSourcesBuildPhase;
			buildActionMask = 2147483647;
			files = (
				F468030E284082E800C96EFC /* SearchView.swift in Sources */,
				F46802F72840820D00C96EFC /* SearchViewController.swift in Sources */,
				F46802F32840820D00C96EFC /* AppDelegate.swift in Sources */,
				F46803172840A09500C96EFC /* DetailView.swift in Sources */,
				F468031528409EBE00C96EFC /* DetailViewController.swift in Sources */,
				F4469F262840BBDD00D55A57 /* StationArrivalResponseModel.swift in Sources */,
				F46803192840A49700C96EFC /* DetailViewCell.swift in Sources */,
				F46802F52840820D00C96EFC /* SceneDelegate.swift in Sources */,
				F468031C2840B19700C96EFC /* StationResponseModel.swift in Sources */,
				F46803112840834000C96EFC /* ViewRepresentable.swift in Sources */,
			);
			runOnlyForDeploymentPostprocessing = 0;
		};
/* End PBXSourcesBuildPhase section */

/* Begin PBXVariantGroup section */
		F46802FD2840820F00C96EFC /* LaunchScreen.storyboard */ = {
			isa = PBXVariantGroup;
			children = (
				F46802FE2840820F00C96EFC /* Base */,
			);
			name = LaunchScreen.storyboard;
			sourceTree = "<group>";
		};
/* End PBXVariantGroup section */

/* Begin XCBuildConfiguration section */
		F46803012840820F00C96EFC /* Debug */ = {
			isa = XCBuildConfiguration;
			baseConfigurationReference = F46803122840841B00C96EFC /* Secret.xcconfig */;
			buildSettings = {
				ALWAYS_SEARCH_USER_PATHS = NO;
				CLANG_ANALYZER_NONNULL = YES;
				CLANG_ANALYZER_NUMBER_OBJECT_CONVERSION = YES_AGGRESSIVE;
				CLANG_CXX_LANGUAGE_STANDARD = "gnu++17";
				CLANG_ENABLE_MODULES = YES;
				CLANG_ENABLE_OBJC_ARC = YES;
				CLANG_ENABLE_OBJC_WEAK = YES;
				CLANG_WARN_BLOCK_CAPTURE_AUTORELEASING = YES;
				CLANG_WARN_BOOL_CONVERSION = YES;
				CLANG_WARN_COMMA = YES;
				CLANG_WARN_CONSTANT_CONVERSION = YES;
				CLANG_WARN_DEPRECATED_OBJC_IMPLEMENTATIONS = YES;
				CLANG_WARN_DIRECT_OBJC_ISA_USAGE = YES_ERROR;
				CLANG_WARN_DOCUMENTATION_COMMENTS = YES;
				CLANG_WARN_EMPTY_BODY = YES;
				CLANG_WARN_ENUM_CONVERSION = YES;
				CLANG_WARN_INFINITE_RECURSION = YES;
				CLANG_WARN_INT_CONVERSION = YES;
				CLANG_WARN_NON_LITERAL_NULL_CONVERSION = YES;
				CLANG_WARN_OBJC_IMPLICIT_RETAIN_SELF = YES;
				CLANG_WARN_OBJC_LITERAL_CONVERSION = YES;
				CLANG_WARN_OBJC_ROOT_CLASS = YES_ERROR;
				CLANG_WARN_QUOTED_INCLUDE_IN_FRAMEWORK_HEADER = YES;
				CLANG_WARN_RANGE_LOOP_ANALYSIS = YES;
				CLANG_WARN_STRICT_PROTOTYPES = YES;
				CLANG_WARN_SUSPICIOUS_MOVE = YES;
				CLANG_WARN_UNGUARDED_AVAILABILITY = YES_AGGRESSIVE;
				CLANG_WARN_UNREACHABLE_CODE = YES;
				CLANG_WARN__DUPLICATE_METHOD_MATCH = YES;
				COPY_PHASE_STRIP = NO;
				DEBUG_INFORMATION_FORMAT = dwarf;
				ENABLE_STRICT_OBJC_MSGSEND = YES;
				ENABLE_TESTABILITY = YES;
				GCC_C_LANGUAGE_STANDARD = gnu11;
				GCC_DYNAMIC_NO_PIC = NO;
				GCC_NO_COMMON_BLOCKS = YES;
				GCC_OPTIMIZATION_LEVEL = 0;
				GCC_PREPROCESSOR_DEFINITIONS = (
					"DEBUG=1",
					"$(inherited)",
				);
				GCC_WARN_64_TO_32_BIT_CONVERSION = YES;
				GCC_WARN_ABOUT_RETURN_TYPE = YES_ERROR;
				GCC_WARN_UNDECLARED_SELECTOR = YES;
				GCC_WARN_UNINITIALIZED_AUTOS = YES_AGGRESSIVE;
				GCC_WARN_UNUSED_FUNCTION = YES;
				GCC_WARN_UNUSED_VARIABLE = YES;
				IPHONEOS_DEPLOYMENT_TARGET = 15.4;
				MTL_ENABLE_DEBUG_INFO = INCLUDE_SOURCE;
				MTL_FAST_MATH = YES;
				ONLY_ACTIVE_ARCH = YES;
				SDKROOT = iphoneos;
				SWIFT_ACTIVE_COMPILATION_CONDITIONS = DEBUG;
				SWIFT_OPTIMIZATION_LEVEL = "-Onone";
			};
			name = Debug;
		};
		F46803022840820F00C96EFC /* Release */ = {
			isa = XCBuildConfiguration;
			baseConfigurationReference = F46803122840841B00C96EFC /* Secret.xcconfig */;
			buildSettings = {
				ALWAYS_SEARCH_USER_PATHS = NO;
				CLANG_ANALYZER_NONNULL = YES;
				CLANG_ANALYZER_NUMBER_OBJECT_CONVERSION = YES_AGGRESSIVE;
				CLANG_CXX_LANGUAGE_STANDARD = "gnu++17";
				CLANG_ENABLE_MODULES = YES;
				CLANG_ENABLE_OBJC_ARC = YES;
				CLANG_ENABLE_OBJC_WEAK = YES;
				CLANG_WARN_BLOCK_CAPTURE_AUTORELEASING = YES;
				CLANG_WARN_BOOL_CONVERSION = YES;
				CLANG_WARN_COMMA = YES;
				CLANG_WARN_CONSTANT_CONVERSION = YES;
				CLANG_WARN_DEPRECATED_OBJC_IMPLEMENTATIONS = YES;
				CLANG_WARN_DIRECT_OBJC_ISA_USAGE = YES_ERROR;
				CLANG_WARN_DOCUMENTATION_COMMENTS = YES;
				CLANG_WARN_EMPTY_BODY = YES;
				CLANG_WARN_ENUM_CONVERSION = YES;
				CLANG_WARN_INFINITE_RECURSION = YES;
				CLANG_WARN_INT_CONVERSION = YES;
				CLANG_WARN_NON_LITERAL_NULL_CONVERSION = YES;
				CLANG_WARN_OBJC_IMPLICIT_RETAIN_SELF = YES;
				CLANG_WARN_OBJC_LITERAL_CONVERSION = YES;
				CLANG_WARN_OBJC_ROOT_CLASS = YES_ERROR;
				CLANG_WARN_QUOTED_INCLUDE_IN_FRAMEWORK_HEADER = YES;
				CLANG_WARN_RANGE_LOOP_ANALYSIS = YES;
				CLANG_WARN_STRICT_PROTOTYPES = YES;
				CLANG_WARN_SUSPICIOUS_MOVE = YES;
				CLANG_WARN_UNGUARDED_AVAILABILITY = YES_AGGRESSIVE;
				CLANG_WARN_UNREACHABLE_CODE = YES;
				CLANG_WARN__DUPLICATE_METHOD_MATCH = YES;
				COPY_PHASE_STRIP = NO;
				DEBUG_INFORMATION_FORMAT = "dwarf-with-dsym";
				ENABLE_NS_ASSERTIONS = NO;
				ENABLE_STRICT_OBJC_MSGSEND = YES;
				GCC_C_LANGUAGE_STANDARD = gnu11;
				GCC_NO_COMMON_BLOCKS = YES;
				GCC_WARN_64_TO_32_BIT_CONVERSION = YES;
				GCC_WARN_ABOUT_RETURN_TYPE = YES_ERROR;
				GCC_WARN_UNDECLARED_SELECTOR = YES;
				GCC_WARN_UNINITIALIZED_AUTOS = YES_AGGRESSIVE;
				GCC_WARN_UNUSED_FUNCTION = YES;
				GCC_WARN_UNUSED_VARIABLE = YES;
				IPHONEOS_DEPLOYMENT_TARGET = 15.4;
				MTL_ENABLE_DEBUG_INFO = NO;
				MTL_FAST_MATH = YES;
				SDKROOT = iphoneos;
				SWIFT_COMPILATION_MODE = wholemodule;
				SWIFT_OPTIMIZATION_LEVEL = "-O";
				VALIDATE_PRODUCT = YES;
			};
			name = Release;
		};
		F46803042840820F00C96EFC /* Debug */ = {
			isa = XCBuildConfiguration;
			buildSettings = {
				ASSETCATALOG_COMPILER_APPICON_NAME = AppIcon;
				ASSETCATALOG_COMPILER_GLOBAL_ACCENT_COLOR_NAME = AccentColor;
				CODE_SIGN_STYLE = Automatic;
				CURRENT_PROJECT_VERSION = 1;
				DEVELOPMENT_TEAM = AT2N75TMZD;
				GENERATE_INFOPLIST_FILE = YES;
				INFOPLIST_FILE = Subway/Info.plist;
				INFOPLIST_KEY_UIApplicationSupportsIndirectInputEvents = YES;
				INFOPLIST_KEY_UILaunchStoryboardName = LaunchScreen;
				INFOPLIST_KEY_UISupportedInterfaceOrientations = UIInterfaceOrientationPortrait;
				INFOPLIST_KEY_UISupportedInterfaceOrientations_iPad = "UIInterfaceOrientationPortrait UIInterfaceOrientationPortraitUpsideDown UIInterfaceOrientationLandscapeLeft UIInterfaceOrientationLandscapeRight";
				INFOPLIST_KEY_UISupportedInterfaceOrientations_iPhone = "UIInterfaceOrientationPortrait UIInterfaceOrientationLandscapeLeft UIInterfaceOrientationLandscapeRight";
				LD_RUNPATH_SEARCH_PATHS = (
					"$(inherited)",
					"@executable_path/Frameworks",
				);
				MARKETING_VERSION = 1.0;
				PRODUCT_BUNDLE_IDENTIFIER = com.simon.Subway;
				PRODUCT_NAME = "$(TARGET_NAME)";
				SWIFT_EMIT_LOC_STRINGS = YES;
				SWIFT_VERSION = 5.0;
				TARGETED_DEVICE_FAMILY = 1;
			};
			name = Debug;
		};
		F46803052840820F00C96EFC /* Release */ = {
			isa = XCBuildConfiguration;
			buildSettings = {
				ASSETCATALOG_COMPILER_APPICON_NAME = AppIcon;
				ASSETCATALOG_COMPILER_GLOBAL_ACCENT_COLOR_NAME = AccentColor;
				CODE_SIGN_STYLE = Automatic;
				CURRENT_PROJECT_VERSION = 1;
				DEVELOPMENT_TEAM = AT2N75TMZD;
				GENERATE_INFOPLIST_FILE = YES;
				INFOPLIST_FILE = Subway/Info.plist;
				INFOPLIST_KEY_UIApplicationSupportsIndirectInputEvents = YES;
				INFOPLIST_KEY_UILaunchStoryboardName = LaunchScreen;
				INFOPLIST_KEY_UISupportedInterfaceOrientations = UIInterfaceOrientationPortrait;
				INFOPLIST_KEY_UISupportedInterfaceOrientations_iPad = "UIInterfaceOrientationPortrait UIInterfaceOrientationPortraitUpsideDown UIInterfaceOrientationLandscapeLeft UIInterfaceOrientationLandscapeRight";
				INFOPLIST_KEY_UISupportedInterfaceOrientations_iPhone = "UIInterfaceOrientationPortrait UIInterfaceOrientationLandscapeLeft UIInterfaceOrientationLandscapeRight";
				LD_RUNPATH_SEARCH_PATHS = (
					"$(inherited)",
					"@executable_path/Frameworks",
				);
				MARKETING_VERSION = 1.0;
				PRODUCT_BUNDLE_IDENTIFIER = com.simon.Subway;
				PRODUCT_NAME = "$(TARGET_NAME)";
				SWIFT_EMIT_LOC_STRINGS = YES;
				SWIFT_VERSION = 5.0;
				TARGETED_DEVICE_FAMILY = 1;
			};
			name = Release;
		};
/* End XCBuildConfiguration section */

/* Begin XCConfigurationList section */
		F46802EA2840820D00C96EFC /* Build configuration list for PBXProject "Subway" */ = {
			isa = XCConfigurationList;
			buildConfigurations = (
				F46803012840820F00C96EFC /* Debug */,
				F46803022840820F00C96EFC /* Release */,
			);
			defaultConfigurationIsVisible = 0;
			defaultConfigurationName = Release;
		};
		F46803032840820F00C96EFC /* Build configuration list for PBXNativeTarget "Subway" */ = {
			isa = XCConfigurationList;
			buildConfigurations = (
				F46803042840820F00C96EFC /* Debug */,
				F46803052840820F00C96EFC /* Release */,
			);
			defaultConfigurationIsVisible = 0;
			defaultConfigurationName = Release;
		};
/* End XCConfigurationList section */

/* Begin XCRemoteSwiftPackageReference section */
		F4680307284082B300C96EFC /* XCRemoteSwiftPackageReference "SnapKit" */ = {
			isa = XCRemoteSwiftPackageReference;
			repositoryURL = "https://github.com/SnapKit/SnapKit.git";
			requirement = {
				branch = develop;
				kind = branch;
			};
		};
		F468030A284082C000C96EFC /* XCRemoteSwiftPackageReference "Alamofire" */ = {
			isa = XCRemoteSwiftPackageReference;
			repositoryURL = "https://github.com/Alamofire/Alamofire.git";
			requirement = {
				kind = upToNextMajorVersion;
				minimumVersion = 5.0.0;
			};
		};
/* End XCRemoteSwiftPackageReference section */

/* Begin XCSwiftPackageProductDependency section */
		F4680308284082B300C96EFC /* SnapKit */ = {
			isa = XCSwiftPackageProductDependency;
			package = F4680307284082B300C96EFC /* XCRemoteSwiftPackageReference "SnapKit" */;
			productName = SnapKit;
		};
		F468030B284082C000C96EFC /* Alamofire */ = {
			isa = XCSwiftPackageProductDependency;
			package = F468030A284082C000C96EFC /* XCRemoteSwiftPackageReference "Alamofire" */;
			productName = Alamofire;
		};
/* End XCSwiftPackageProductDependency section */
	};
	rootObject = F46802E72840820D00C96EFC /* Project object */;
}
