// !$*UTF8*$!
{
	archiveVersion = 1;
	classes = {
	};
	objectVersion = 55;
	objects = {

/* Begin PBXBuildFile section */
		F414DFAB28180A2400EA07D9 /* AppDelegate.swift in Sources */ = {isa = PBXBuildFile; fileRef = F414DFAA28180A2400EA07D9 /* AppDelegate.swift */; };
		F414DFAD28180A2400EA07D9 /* SceneDelegate.swift in Sources */ = {isa = PBXBuildFile; fileRef = F414DFAC28180A2400EA07D9 /* SceneDelegate.swift */; };
		F414DFAF28180A2400EA07D9 /* PomoViewController.swift in Sources */ = {isa = PBXBuildFile; fileRef = F414DFAE28180A2400EA07D9 /* PomoViewController.swift */; };
		F414DFB228180A2400EA07D9 /* Main.storyboard in Resources */ = {isa = PBXBuildFile; fileRef = F414DFB028180A2400EA07D9 /* Main.storyboard */; };
		F414DFB428180A2700EA07D9 /* Assets.xcassets in Resources */ = {isa = PBXBuildFile; fileRef = F414DFB328180A2700EA07D9 /* Assets.xcassets */; };
		F414DFB728180A2700EA07D9 /* LaunchScreen.storyboard in Resources */ = {isa = PBXBuildFile; fileRef = F414DFB528180A2700EA07D9 /* LaunchScreen.storyboard */; };
		F414DFC228180A2700EA07D9 /* PomodoroTests.swift in Sources */ = {isa = PBXBuildFile; fileRef = F414DFC128180A2700EA07D9 /* PomodoroTests.swift */; };
		F414DFCC28180A2700EA07D9 /* PomodoroUITests.swift in Sources */ = {isa = PBXBuildFile; fileRef = F414DFCB28180A2700EA07D9 /* PomodoroUITests.swift */; };
		F414DFCE28180A2700EA07D9 /* PomodoroUITestsLaunchTests.swift in Sources */ = {isa = PBXBuildFile; fileRef = F414DFCD28180A2700EA07D9 /* PomodoroUITestsLaunchTests.swift */; };
		F414DFDB2818204B00EA07D9 /* PomoViewModel.swift in Sources */ = {isa = PBXBuildFile; fileRef = F414DFDA2818204B00EA07D9 /* PomoViewModel.swift */; };
		F414DFDE2818206E00EA07D9 /* SnapKit in Frameworks */ = {isa = PBXBuildFile; productRef = F414DFDD2818206E00EA07D9 /* SnapKit */; };
		F414DFE2281820B200EA07D9 /* PomoView.swift in Sources */ = {isa = PBXBuildFile; fileRef = F414DFE1281820B200EA07D9 /* PomoView.swift */; };
		F414DFE52818218900EA07D9 /* ViewRepresentable.swift in Sources */ = {isa = PBXBuildFile; fileRef = F414DFE42818218900EA07D9 /* ViewRepresentable.swift */; };
		F414DFE92818268A00EA07D9 /* AppAppearance.swift in Sources */ = {isa = PBXBuildFile; fileRef = F414DFE82818268A00EA07D9 /* AppAppearance.swift */; };
		F414DFEC28182F6200EA07D9 /* RxBlocking in Frameworks */ = {isa = PBXBuildFile; productRef = F414DFEB28182F6200EA07D9 /* RxBlocking */; };
		F414DFEE28182F6200EA07D9 /* RxCocoa in Frameworks */ = {isa = PBXBuildFile; productRef = F414DFED28182F6200EA07D9 /* RxCocoa */; };
		F414DFF028182F6200EA07D9 /* RxRelay in Frameworks */ = {isa = PBXBuildFile; productRef = F414DFEF28182F6200EA07D9 /* RxRelay */; };
		F414DFF228182F6200EA07D9 /* RxSwift in Frameworks */ = {isa = PBXBuildFile; productRef = F414DFF128182F6200EA07D9 /* RxSwift */; };
		F414DFF428182F6200EA07D9 /* RxTest in Frameworks */ = {isa = PBXBuildFile; productRef = F414DFF328182F6200EA07D9 /* RxTest */; };
		F414DFF628182FFE00EA07D9 /* ViewModelType.swift in Sources */ = {isa = PBXBuildFile; fileRef = F414DFF528182FFE00EA07D9 /* ViewModelType.swift */; };
		F4DED953281859A500AD1649 /* Timer.swift in Sources */ = {isa = PBXBuildFile; fileRef = F4DED952281859A500AD1649 /* Timer.swift */; };
/* End PBXBuildFile section */

/* Begin PBXContainerItemProxy section */
		F414DFBE28180A2700EA07D9 /* PBXContainerItemProxy */ = {
			isa = PBXContainerItemProxy;
			containerPortal = F414DF9F28180A2400EA07D9 /* Project object */;
			proxyType = 1;
			remoteGlobalIDString = F414DFA628180A2400EA07D9;
			remoteInfo = Pomodoro;
		};
		F414DFC828180A2700EA07D9 /* PBXContainerItemProxy */ = {
			isa = PBXContainerItemProxy;
			containerPortal = F414DF9F28180A2400EA07D9 /* Project object */;
			proxyType = 1;
			remoteGlobalIDString = F414DFA628180A2400EA07D9;
			remoteInfo = Pomodoro;
		};
/* End PBXContainerItemProxy section */

/* Begin PBXFileReference section */
		F414DFA728180A2400EA07D9 /* Pomodoro.app */ = {isa = PBXFileReference; explicitFileType = wrapper.application; includeInIndex = 0; path = Pomodoro.app; sourceTree = BUILT_PRODUCTS_DIR; };
		F414DFAA28180A2400EA07D9 /* AppDelegate.swift */ = {isa = PBXFileReference; lastKnownFileType = sourcecode.swift; path = AppDelegate.swift; sourceTree = "<group>"; };
		F414DFAC28180A2400EA07D9 /* SceneDelegate.swift */ = {isa = PBXFileReference; lastKnownFileType = sourcecode.swift; path = SceneDelegate.swift; sourceTree = "<group>"; };
		F414DFAE28180A2400EA07D9 /* PomoViewController.swift */ = {isa = PBXFileReference; lastKnownFileType = sourcecode.swift; path = PomoViewController.swift; sourceTree = "<group>"; };
		F414DFB128180A2400EA07D9 /* Base */ = {isa = PBXFileReference; lastKnownFileType = file.storyboard; name = Base; path = Base.lproj/Main.storyboard; sourceTree = "<group>"; };
		F414DFB328180A2700EA07D9 /* Assets.xcassets */ = {isa = PBXFileReference; lastKnownFileType = folder.assetcatalog; path = Assets.xcassets; sourceTree = "<group>"; };
		F414DFB628180A2700EA07D9 /* Base */ = {isa = PBXFileReference; lastKnownFileType = file.storyboard; name = Base; path = Base.lproj/LaunchScreen.storyboard; sourceTree = "<group>"; };
		F414DFB828180A2700EA07D9 /* Info.plist */ = {isa = PBXFileReference; lastKnownFileType = text.plist.xml; path = Info.plist; sourceTree = "<group>"; };
		F414DFBD28180A2700EA07D9 /* PomodoroTests.xctest */ = {isa = PBXFileReference; explicitFileType = wrapper.cfbundle; includeInIndex = 0; path = PomodoroTests.xctest; sourceTree = BUILT_PRODUCTS_DIR; };
		F414DFC128180A2700EA07D9 /* PomodoroTests.swift */ = {isa = PBXFileReference; lastKnownFileType = sourcecode.swift; path = PomodoroTests.swift; sourceTree = "<group>"; };
		F414DFC728180A2700EA07D9 /* PomodoroUITests.xctest */ = {isa = PBXFileReference; explicitFileType = wrapper.cfbundle; includeInIndex = 0; path = PomodoroUITests.xctest; sourceTree = BUILT_PRODUCTS_DIR; };
		F414DFCB28180A2700EA07D9 /* PomodoroUITests.swift */ = {isa = PBXFileReference; lastKnownFileType = sourcecode.swift; path = PomodoroUITests.swift; sourceTree = "<group>"; };
		F414DFCD28180A2700EA07D9 /* PomodoroUITestsLaunchTests.swift */ = {isa = PBXFileReference; lastKnownFileType = sourcecode.swift; path = PomodoroUITestsLaunchTests.swift; sourceTree = "<group>"; };
		F414DFDA2818204B00EA07D9 /* PomoViewModel.swift */ = {isa = PBXFileReference; lastKnownFileType = sourcecode.swift; path = PomoViewModel.swift; sourceTree = "<group>"; };
		F414DFE1281820B200EA07D9 /* PomoView.swift */ = {isa = PBXFileReference; lastKnownFileType = sourcecode.swift; path = PomoView.swift; sourceTree = "<group>"; };
		F414DFE42818218900EA07D9 /* ViewRepresentable.swift */ = {isa = PBXFileReference; lastKnownFileType = sourcecode.swift; path = ViewRepresentable.swift; sourceTree = "<group>"; };
		F414DFE82818268A00EA07D9 /* AppAppearance.swift */ = {isa = PBXFileReference; lastKnownFileType = sourcecode.swift; path = AppAppearance.swift; sourceTree = "<group>"; };
		F414DFF528182FFE00EA07D9 /* ViewModelType.swift */ = {isa = PBXFileReference; lastKnownFileType = sourcecode.swift; path = ViewModelType.swift; sourceTree = "<group>"; };
		F4DED952281859A500AD1649 /* Timer.swift */ = {isa = PBXFileReference; lastKnownFileType = sourcecode.swift; path = Timer.swift; sourceTree = "<group>"; };
/* End PBXFileReference section */

/* Begin PBXFrameworksBuildPhase section */
		F414DFA428180A2400EA07D9 /* Frameworks */ = {
			isa = PBXFrameworksBuildPhase;
			buildActionMask = 2147483647;
			files = (
				F414DFEE28182F6200EA07D9 /* RxCocoa in Frameworks */,
				F414DFDE2818206E00EA07D9 /* SnapKit in Frameworks */,
				F414DFF228182F6200EA07D9 /* RxSwift in Frameworks */,
				F414DFF028182F6200EA07D9 /* RxRelay in Frameworks */,
				F414DFF428182F6200EA07D9 /* RxTest in Frameworks */,
				F414DFEC28182F6200EA07D9 /* RxBlocking in Frameworks */,
			);
			runOnlyForDeploymentPostprocessing = 0;
		};
		F414DFBA28180A2700EA07D9 /* Frameworks */ = {
			isa = PBXFrameworksBuildPhase;
			buildActionMask = 2147483647;
			files = (
			);
			runOnlyForDeploymentPostprocessing = 0;
		};
		F414DFC428180A2700EA07D9 /* Frameworks */ = {
			isa = PBXFrameworksBuildPhase;
			buildActionMask = 2147483647;
			files = (
			);
			runOnlyForDeploymentPostprocessing = 0;
		};
/* End PBXFrameworksBuildPhase section */

/* Begin PBXGroup section */
		F414DF9E28180A2400EA07D9 = {
			isa = PBXGroup;
			children = (
				F414DFA928180A2400EA07D9 /* Pomodoro */,
				F414DFC028180A2700EA07D9 /* PomodoroTests */,
				F414DFCA28180A2700EA07D9 /* PomodoroUITests */,
				F414DFA828180A2400EA07D9 /* Products */,
			);
			sourceTree = "<group>";
		};
		F414DFA828180A2400EA07D9 /* Products */ = {
			isa = PBXGroup;
			children = (
				F414DFA728180A2400EA07D9 /* Pomodoro.app */,
				F414DFBD28180A2700EA07D9 /* PomodoroTests.xctest */,
				F414DFC728180A2700EA07D9 /* PomodoroUITests.xctest */,
			);
			name = Products;
			sourceTree = "<group>";
		};
		F414DFA928180A2400EA07D9 /* Pomodoro */ = {
			isa = PBXGroup;
			children = (
				F414DFE72818267900EA07D9 /* Application */,
				F414DFE02818208B00EA07D9 /* View */,
				F414DFDF2818207E00EA07D9 /* VIewModel */,
				F4DED9512818599700AD1649 /* Util */,
				F414DFB028180A2400EA07D9 /* Main.storyboard */,
				F414DFB828180A2700EA07D9 /* Info.plist */,
				F414DFE32818214E00EA07D9 /* Protocol */,
				F414DFE6281821A000EA07D9 /* Resources */,
			);
			path = Pomodoro;
			sourceTree = "<group>";
		};
		F414DFC028180A2700EA07D9 /* PomodoroTests */ = {
			isa = PBXGroup;
			children = (
				F414DFC128180A2700EA07D9 /* PomodoroTests.swift */,
			);
			path = PomodoroTests;
			sourceTree = "<group>";
		};
		F414DFCA28180A2700EA07D9 /* PomodoroUITests */ = {
			isa = PBXGroup;
			children = (
				F414DFCB28180A2700EA07D9 /* PomodoroUITests.swift */,
				F414DFCD28180A2700EA07D9 /* PomodoroUITestsLaunchTests.swift */,
			);
			path = PomodoroUITests;
			sourceTree = "<group>";
		};
		F414DFDF2818207E00EA07D9 /* VIewModel */ = {
			isa = PBXGroup;
			children = (
				F414DFDA2818204B00EA07D9 /* PomoViewModel.swift */,
			);
			name = VIewModel;
			sourceTree = "<group>";
		};
		F414DFE02818208B00EA07D9 /* View */ = {
			isa = PBXGroup;
			children = (
				F414DFE1281820B200EA07D9 /* PomoView.swift */,
				F414DFAE28180A2400EA07D9 /* PomoViewController.swift */,
			);
			name = View;
			sourceTree = "<group>";
		};
		F414DFE32818214E00EA07D9 /* Protocol */ = {
			isa = PBXGroup;
			children = (
				F414DFE42818218900EA07D9 /* ViewRepresentable.swift */,
				F414DFF528182FFE00EA07D9 /* ViewModelType.swift */,
			);
			name = Protocol;
			sourceTree = "<group>";
		};
		F414DFE6281821A000EA07D9 /* Resources */ = {
			isa = PBXGroup;
			children = (
				F414DFAA28180A2400EA07D9 /* AppDelegate.swift */,
				F414DFAC28180A2400EA07D9 /* SceneDelegate.swift */,
				F414DFB328180A2700EA07D9 /* Assets.xcassets */,
				F414DFB528180A2700EA07D9 /* LaunchScreen.storyboard */,
			);
			name = Resources;
			sourceTree = "<group>";
		};
		F414DFE72818267900EA07D9 /* Application */ = {
			isa = PBXGroup;
			children = (
				F414DFE82818268A00EA07D9 /* AppAppearance.swift */,
			);
			name = Application;
			sourceTree = "<group>";
		};
		F4DED9512818599700AD1649 /* Util */ = {
			isa = PBXGroup;
			children = (
				F4DED952281859A500AD1649 /* Timer.swift */,
			);
			name = Util;
			sourceTree = "<group>";
		};
/* End PBXGroup section */

/* Begin PBXNativeTarget section */
		F414DFA628180A2400EA07D9 /* Pomodoro */ = {
			isa = PBXNativeTarget;
			buildConfigurationList = F414DFD128180A2700EA07D9 /* Build configuration list for PBXNativeTarget "Pomodoro" */;
			buildPhases = (
				F414DFA328180A2400EA07D9 /* Sources */,
				F414DFA428180A2400EA07D9 /* Frameworks */,
				F414DFA528180A2400EA07D9 /* Resources */,
			);
			buildRules = (
			);
			dependencies = (
			);
			name = Pomodoro;
			packageProductDependencies = (
				F414DFDD2818206E00EA07D9 /* SnapKit */,
				F414DFEB28182F6200EA07D9 /* RxBlocking */,
				F414DFED28182F6200EA07D9 /* RxCocoa */,
				F414DFEF28182F6200EA07D9 /* RxRelay */,
				F414DFF128182F6200EA07D9 /* RxSwift */,
				F414DFF328182F6200EA07D9 /* RxTest */,
			);
			productName = Pomodoro;
			productReference = F414DFA728180A2400EA07D9 /* Pomodoro.app */;
			productType = "com.apple.product-type.application";
		};
		F414DFBC28180A2700EA07D9 /* PomodoroTests */ = {
			isa = PBXNativeTarget;
			buildConfigurationList = F414DFD428180A2700EA07D9 /* Build configuration list for PBXNativeTarget "PomodoroTests" */;
			buildPhases = (
				F414DFB928180A2700EA07D9 /* Sources */,
				F414DFBA28180A2700EA07D9 /* Frameworks */,
				F414DFBB28180A2700EA07D9 /* Resources */,
			);
			buildRules = (
			);
			dependencies = (
				F414DFBF28180A2700EA07D9 /* PBXTargetDependency */,
			);
			name = PomodoroTests;
			productName = PomodoroTests;
			productReference = F414DFBD28180A2700EA07D9 /* PomodoroTests.xctest */;
			productType = "com.apple.product-type.bundle.unit-test";
		};
		F414DFC628180A2700EA07D9 /* PomodoroUITests */ = {
			isa = PBXNativeTarget;
			buildConfigurationList = F414DFD728180A2700EA07D9 /* Build configuration list for PBXNativeTarget "PomodoroUITests" */;
			buildPhases = (
				F414DFC328180A2700EA07D9 /* Sources */,
				F414DFC428180A2700EA07D9 /* Frameworks */,
				F414DFC528180A2700EA07D9 /* Resources */,
			);
			buildRules = (
			);
			dependencies = (
				F414DFC928180A2700EA07D9 /* PBXTargetDependency */,
			);
			name = PomodoroUITests;
			productName = PomodoroUITests;
			productReference = F414DFC728180A2700EA07D9 /* PomodoroUITests.xctest */;
			productType = "com.apple.product-type.bundle.ui-testing";
		};
/* End PBXNativeTarget section */

/* Begin PBXProject section */
		F414DF9F28180A2400EA07D9 /* Project object */ = {
			isa = PBXProject;
			attributes = {
				BuildIndependentTargetsInParallel = 1;
				LastSwiftUpdateCheck = 1330;
				LastUpgradeCheck = 1330;
				TargetAttributes = {
					F414DFA628180A2400EA07D9 = {
						CreatedOnToolsVersion = 13.3.1;
					};
					F414DFBC28180A2700EA07D9 = {
						CreatedOnToolsVersion = 13.3.1;
						TestTargetID = F414DFA628180A2400EA07D9;
					};
					F414DFC628180A2700EA07D9 = {
						CreatedOnToolsVersion = 13.3.1;
						TestTargetID = F414DFA628180A2400EA07D9;
					};
				};
			};
			buildConfigurationList = F414DFA228180A2400EA07D9 /* Build configuration list for PBXProject "Pomodoro" */;
			compatibilityVersion = "Xcode 13.0";
			developmentRegion = en;
			hasScannedForEncodings = 0;
			knownRegions = (
				en,
				Base,
			);
			mainGroup = F414DF9E28180A2400EA07D9;
			packageReferences = (
				F414DFDC2818206E00EA07D9 /* XCRemoteSwiftPackageReference "SnapKit" */,
				F414DFEA28182F6200EA07D9 /* XCRemoteSwiftPackageReference "RxSwift" */,
			);
			productRefGroup = F414DFA828180A2400EA07D9 /* Products */;
			projectDirPath = "";
			projectRoot = "";
			targets = (
				F414DFA628180A2400EA07D9 /* Pomodoro */,
				F414DFBC28180A2700EA07D9 /* PomodoroTests */,
				F414DFC628180A2700EA07D9 /* PomodoroUITests */,
			);
		};
/* End PBXProject section */

/* Begin PBXResourcesBuildPhase section */
		F414DFA528180A2400EA07D9 /* Resources */ = {
			isa = PBXResourcesBuildPhase;
			buildActionMask = 2147483647;
			files = (
				F414DFB728180A2700EA07D9 /* LaunchScreen.storyboard in Resources */,
				F414DFB428180A2700EA07D9 /* Assets.xcassets in Resources */,
				F414DFB228180A2400EA07D9 /* Main.storyboard in Resources */,
			);
			runOnlyForDeploymentPostprocessing = 0;
		};
		F414DFBB28180A2700EA07D9 /* Resources */ = {
			isa = PBXResourcesBuildPhase;
			buildActionMask = 2147483647;
			files = (
			);
			runOnlyForDeploymentPostprocessing = 0;
		};
		F414DFC528180A2700EA07D9 /* Resources */ = {
			isa = PBXResourcesBuildPhase;
			buildActionMask = 2147483647;
			files = (
			);
			runOnlyForDeploymentPostprocessing = 0;
		};
/* End PBXResourcesBuildPhase section */

/* Begin PBXSourcesBuildPhase section */
		F414DFA328180A2400EA07D9 /* Sources */ = {
			isa = PBXSourcesBuildPhase;
			buildActionMask = 2147483647;
			files = (
				F414DFAF28180A2400EA07D9 /* PomoViewController.swift in Sources */,
				F414DFAB28180A2400EA07D9 /* AppDelegate.swift in Sources */,
				F414DFE2281820B200EA07D9 /* PomoView.swift in Sources */,
				F414DFDB2818204B00EA07D9 /* PomoViewModel.swift in Sources */,
				F414DFAD28180A2400EA07D9 /* SceneDelegate.swift in Sources */,
				F414DFF628182FFE00EA07D9 /* ViewModelType.swift in Sources */,
				F4DED953281859A500AD1649 /* Timer.swift in Sources */,
				F414DFE92818268A00EA07D9 /* AppAppearance.swift in Sources */,
				F414DFE52818218900EA07D9 /* ViewRepresentable.swift in Sources */,
			);
			runOnlyForDeploymentPostprocessing = 0;
		};
		F414DFB928180A2700EA07D9 /* Sources */ = {
			isa = PBXSourcesBuildPhase;
			buildActionMask = 2147483647;
			files = (
				F414DFC228180A2700EA07D9 /* PomodoroTests.swift in Sources */,
			);
			runOnlyForDeploymentPostprocessing = 0;
		};
		F414DFC328180A2700EA07D9 /* Sources */ = {
			isa = PBXSourcesBuildPhase;
			buildActionMask = 2147483647;
			files = (
				F414DFCE28180A2700EA07D9 /* PomodoroUITestsLaunchTests.swift in Sources */,
				F414DFCC28180A2700EA07D9 /* PomodoroUITests.swift in Sources */,
			);
			runOnlyForDeploymentPostprocessing = 0;
		};
/* End PBXSourcesBuildPhase section */

/* Begin PBXTargetDependency section */
		F414DFBF28180A2700EA07D9 /* PBXTargetDependency */ = {
			isa = PBXTargetDependency;
			target = F414DFA628180A2400EA07D9 /* Pomodoro */;
			targetProxy = F414DFBE28180A2700EA07D9 /* PBXContainerItemProxy */;
		};
		F414DFC928180A2700EA07D9 /* PBXTargetDependency */ = {
			isa = PBXTargetDependency;
			target = F414DFA628180A2400EA07D9 /* Pomodoro */;
			targetProxy = F414DFC828180A2700EA07D9 /* PBXContainerItemProxy */;
		};
/* End PBXTargetDependency section */

/* Begin PBXVariantGroup section */
		F414DFB028180A2400EA07D9 /* Main.storyboard */ = {
			isa = PBXVariantGroup;
			children = (
				F414DFB128180A2400EA07D9 /* Base */,
			);
			name = Main.storyboard;
			sourceTree = "<group>";
		};
		F414DFB528180A2700EA07D9 /* LaunchScreen.storyboard */ = {
			isa = PBXVariantGroup;
			children = (
				F414DFB628180A2700EA07D9 /* Base */,
			);
			name = LaunchScreen.storyboard;
			sourceTree = "<group>";
		};
/* End PBXVariantGroup section */

/* Begin XCBuildConfiguration section */
		F414DFCF28180A2700EA07D9 /* Debug */ = {
			isa = XCBuildConfiguration;
			buildSettings = {
				ALWAYS_SEARCH_USER_PATHS = NO;
				CLANG_ANALYZER_NONNULL = YES;
				CLANG_ANALYZER_NUMBER_OBJECT_CONVERSION = YES_AGGRESSIVE;
				CLANG_CXX_LANGUAGE_STANDARD = "gnu++17";
				CLANG_ENABLE_MODULES = YES;
				CLANG_ENABLE_OBJC_ARC = YES;
				CLANG_ENABLE_OBJC_WEAK = YES;
				CLANG_WARN_BLOCK_CAPTURE_AUTORELEASING = YES;
				CLANG_WARN_BOOL_CONVERSION = YES;
				CLANG_WARN_COMMA = YES;
				CLANG_WARN_CONSTANT_CONVERSION = YES;
				CLANG_WARN_DEPRECATED_OBJC_IMPLEMENTATIONS = YES;
				CLANG_WARN_DIRECT_OBJC_ISA_USAGE = YES_ERROR;
				CLANG_WARN_DOCUMENTATION_COMMENTS = YES;
				CLANG_WARN_EMPTY_BODY = YES;
				CLANG_WARN_ENUM_CONVERSION = YES;
				CLANG_WARN_INFINITE_RECURSION = YES;
				CLANG_WARN_INT_CONVERSION = YES;
				CLANG_WARN_NON_LITERAL_NULL_CONVERSION = YES;
				CLANG_WARN_OBJC_IMPLICIT_RETAIN_SELF = YES;
				CLANG_WARN_OBJC_LITERAL_CONVERSION = YES;
				CLANG_WARN_OBJC_ROOT_CLASS = YES_ERROR;
				CLANG_WARN_QUOTED_INCLUDE_IN_FRAMEWORK_HEADER = YES;
				CLANG_WARN_RANGE_LOOP_ANALYSIS = YES;
				CLANG_WARN_STRICT_PROTOTYPES = YES;
				CLANG_WARN_SUSPICIOUS_MOVE = YES;
				CLANG_WARN_UNGUARDED_AVAILABILITY = YES_AGGRESSIVE;
				CLANG_WARN_UNREACHABLE_CODE = YES;
				CLANG_WARN__DUPLICATE_METHOD_MATCH = YES;
				COPY_PHASE_STRIP = NO;
				DEBUG_INFORMATION_FORMAT = dwarf;
				ENABLE_STRICT_OBJC_MSGSEND = YES;
				ENABLE_TESTABILITY = YES;
				ENABLE_TESTING_SEARCH_PATHS = YES;
				GCC_C_LANGUAGE_STANDARD = gnu11;
				GCC_DYNAMIC_NO_PIC = NO;
				GCC_NO_COMMON_BLOCKS = YES;
				GCC_OPTIMIZATION_LEVEL = 0;
				GCC_PREPROCESSOR_DEFINITIONS = (
					"DEBUG=1",
					"$(inherited)",
				);
				GCC_WARN_64_TO_32_BIT_CONVERSION = YES;
				GCC_WARN_ABOUT_RETURN_TYPE = YES_ERROR;
				GCC_WARN_UNDECLARED_SELECTOR = YES;
				GCC_WARN_UNINITIALIZED_AUTOS = YES_AGGRESSIVE;
				GCC_WARN_UNUSED_FUNCTION = YES;
				GCC_WARN_UNUSED_VARIABLE = YES;
				IPHONEOS_DEPLOYMENT_TARGET = 14.0;
				MTL_ENABLE_DEBUG_INFO = INCLUDE_SOURCE;
				MTL_FAST_MATH = YES;
				ONLY_ACTIVE_ARCH = YES;
				SDKROOT = iphoneos;
				SWIFT_ACTIVE_COMPILATION_CONDITIONS = DEBUG;
				SWIFT_OPTIMIZATION_LEVEL = "-Onone";
			};
			name = Debug;
		};
		F414DFD028180A2700EA07D9 /* Release */ = {
			isa = XCBuildConfiguration;
			buildSettings = {
				ALWAYS_SEARCH_USER_PATHS = NO;
				CLANG_ANALYZER_NONNULL = YES;
				CLANG_ANALYZER_NUMBER_OBJECT_CONVERSION = YES_AGGRESSIVE;
				CLANG_CXX_LANGUAGE_STANDARD = "gnu++17";
				CLANG_ENABLE_MODULES = YES;
				CLANG_ENABLE_OBJC_ARC = YES;
				CLANG_ENABLE_OBJC_WEAK = YES;
				CLANG_WARN_BLOCK_CAPTURE_AUTORELEASING = YES;
				CLANG_WARN_BOOL_CONVERSION = YES;
				CLANG_WARN_COMMA = YES;
				CLANG_WARN_CONSTANT_CONVERSION = YES;
				CLANG_WARN_DEPRECATED_OBJC_IMPLEMENTATIONS = YES;
				CLANG_WARN_DIRECT_OBJC_ISA_USAGE = YES_ERROR;
				CLANG_WARN_DOCUMENTATION_COMMENTS = YES;
				CLANG_WARN_EMPTY_BODY = YES;
				CLANG_WARN_ENUM_CONVERSION = YES;
				CLANG_WARN_INFINITE_RECURSION = YES;
				CLANG_WARN_INT_CONVERSION = YES;
				CLANG_WARN_NON_LITERAL_NULL_CONVERSION = YES;
				CLANG_WARN_OBJC_IMPLICIT_RETAIN_SELF = YES;
				CLANG_WARN_OBJC_LITERAL_CONVERSION = YES;
				CLANG_WARN_OBJC_ROOT_CLASS = YES_ERROR;
				CLANG_WARN_QUOTED_INCLUDE_IN_FRAMEWORK_HEADER = YES;
				CLANG_WARN_RANGE_LOOP_ANALYSIS = YES;
				CLANG_WARN_STRICT_PROTOTYPES = YES;
				CLANG_WARN_SUSPICIOUS_MOVE = YES;
				CLANG_WARN_UNGUARDED_AVAILABILITY = YES_AGGRESSIVE;
				CLANG_WARN_UNREACHABLE_CODE = YES;
				CLANG_WARN__DUPLICATE_METHOD_MATCH = YES;
				COPY_PHASE_STRIP = NO;
				DEBUG_INFORMATION_FORMAT = "dwarf-with-dsym";
				ENABLE_NS_ASSERTIONS = NO;
				ENABLE_STRICT_OBJC_MSGSEND = YES;
				ENABLE_TESTING_SEARCH_PATHS = YES;
				GCC_C_LANGUAGE_STANDARD = gnu11;
				GCC_NO_COMMON_BLOCKS = YES;
				GCC_WARN_64_TO_32_BIT_CONVERSION = YES;
				GCC_WARN_ABOUT_RETURN_TYPE = YES_ERROR;
				GCC_WARN_UNDECLARED_SELECTOR = YES;
				GCC_WARN_UNINITIALIZED_AUTOS = YES_AGGRESSIVE;
				GCC_WARN_UNUSED_FUNCTION = YES;
				GCC_WARN_UNUSED_VARIABLE = YES;
				IPHONEOS_DEPLOYMENT_TARGET = 14.0;
				MTL_ENABLE_DEBUG_INFO = NO;
				MTL_FAST_MATH = YES;
				SDKROOT = iphoneos;
				SWIFT_COMPILATION_MODE = wholemodule;
				SWIFT_OPTIMIZATION_LEVEL = "-O";
				VALIDATE_PRODUCT = YES;
			};
			name = Release;
		};
		F414DFD228180A2700EA07D9 /* Debug */ = {
			isa = XCBuildConfiguration;
			buildSettings = {
				ASSETCATALOG_COMPILER_APPICON_NAME = AppIcon;
				ASSETCATALOG_COMPILER_GLOBAL_ACCENT_COLOR_NAME = AccentColor;
				CODE_SIGN_STYLE = Automatic;
				CURRENT_PROJECT_VERSION = 1;
				DEVELOPMENT_TEAM = AT2N75TMZD;
				GENERATE_INFOPLIST_FILE = YES;
				INFOPLIST_FILE = Pomodoro/Info.plist;
				INFOPLIST_KEY_UIApplicationSupportsIndirectInputEvents = YES;
				INFOPLIST_KEY_UILaunchStoryboardName = LaunchScreen;
				INFOPLIST_KEY_UIMainStoryboardFile = Main;
				INFOPLIST_KEY_UISupportedInterfaceOrientations = "UIInterfaceOrientationPortrait UIInterfaceOrientationLandscapeLeft";
				INFOPLIST_KEY_UISupportedInterfaceOrientations_iPad = "UIInterfaceOrientationPortrait UIInterfaceOrientationPortraitUpsideDown UIInterfaceOrientationLandscapeLeft UIInterfaceOrientationLandscapeRight";
				INFOPLIST_KEY_UISupportedInterfaceOrientations_iPhone = "UIInterfaceOrientationPortrait UIInterfaceOrientationLandscapeLeft UIInterfaceOrientationLandscapeRight";
				IPHONEOS_DEPLOYMENT_TARGET = 14.0;
				LD_RUNPATH_SEARCH_PATHS = (
					"$(inherited)",
					"@executable_path/Frameworks",
				);
				MARKETING_VERSION = 1.0;
				PRODUCT_BUNDLE_IDENTIFIER = com.simon.Pomodoro;
				PRODUCT_NAME = "$(TARGET_NAME)";
				SWIFT_EMIT_LOC_STRINGS = YES;
				SWIFT_VERSION = 5.0;
				TARGETED_DEVICE_FAMILY = 1;
			};
			name = Debug;
		};
		F414DFD328180A2700EA07D9 /* Release */ = {
			isa = XCBuildConfiguration;
			buildSettings = {
				ASSETCATALOG_COMPILER_APPICON_NAME = AppIcon;
				ASSETCATALOG_COMPILER_GLOBAL_ACCENT_COLOR_NAME = AccentColor;
				CODE_SIGN_STYLE = Automatic;
				CURRENT_PROJECT_VERSION = 1;
				DEVELOPMENT_TEAM = AT2N75TMZD;
				GENERATE_INFOPLIST_FILE = YES;
				INFOPLIST_FILE = Pomodoro/Info.plist;
				INFOPLIST_KEY_UIApplicationSupportsIndirectInputEvents = YES;
				INFOPLIST_KEY_UILaunchStoryboardName = LaunchScreen;
				INFOPLIST_KEY_UIMainStoryboardFile = Main;
				INFOPLIST_KEY_UISupportedInterfaceOrientations = "UIInterfaceOrientationPortrait UIInterfaceOrientationLandscapeLeft";
				INFOPLIST_KEY_UISupportedInterfaceOrientations_iPad = "UIInterfaceOrientationPortrait UIInterfaceOrientationPortraitUpsideDown UIInterfaceOrientationLandscapeLeft UIInterfaceOrientationLandscapeRight";
				INFOPLIST_KEY_UISupportedInterfaceOrientations_iPhone = "UIInterfaceOrientationPortrait UIInterfaceOrientationLandscapeLeft UIInterfaceOrientationLandscapeRight";
				IPHONEOS_DEPLOYMENT_TARGET = 14.0;
				LD_RUNPATH_SEARCH_PATHS = (
					"$(inherited)",
					"@executable_path/Frameworks",
				);
				MARKETING_VERSION = 1.0;
				PRODUCT_BUNDLE_IDENTIFIER = com.simon.Pomodoro;
				PRODUCT_NAME = "$(TARGET_NAME)";
				SWIFT_EMIT_LOC_STRINGS = YES;
				SWIFT_VERSION = 5.0;
				TARGETED_DEVICE_FAMILY = 1;
			};
			name = Release;
		};
		F414DFD528180A2700EA07D9 /* Debug */ = {
			isa = XCBuildConfiguration;
			buildSettings = {
				ALWAYS_EMBED_SWIFT_STANDARD_LIBRARIES = YES;
				BUNDLE_LOADER = "$(TEST_HOST)";
				CODE_SIGN_STYLE = Automatic;
				CURRENT_PROJECT_VERSION = 1;
				DEVELOPMENT_TEAM = AT2N75TMZD;
				GENERATE_INFOPLIST_FILE = YES;
				IPHONEOS_DEPLOYMENT_TARGET = 15.4;
				MARKETING_VERSION = 1.0;
				PRODUCT_BUNDLE_IDENTIFIER = com.simon.PomodoroTests;
				PRODUCT_NAME = "$(TARGET_NAME)";
				SWIFT_EMIT_LOC_STRINGS = NO;
				SWIFT_VERSION = 5.0;
				TARGETED_DEVICE_FAMILY = "1,2";
				TEST_HOST = "$(BUILT_PRODUCTS_DIR)/Pomodoro.app/Pomodoro";
			};
			name = Debug;
		};
		F414DFD628180A2700EA07D9 /* Release */ = {
			isa = XCBuildConfiguration;
			buildSettings = {
				ALWAYS_EMBED_SWIFT_STANDARD_LIBRARIES = YES;
				BUNDLE_LOADER = "$(TEST_HOST)";
				CODE_SIGN_STYLE = Automatic;
				CURRENT_PROJECT_VERSION = 1;
				DEVELOPMENT_TEAM = AT2N75TMZD;
				GENERATE_INFOPLIST_FILE = YES;
				IPHONEOS_DEPLOYMENT_TARGET = 15.4;
				MARKETING_VERSION = 1.0;
				PRODUCT_BUNDLE_IDENTIFIER = com.simon.PomodoroTests;
				PRODUCT_NAME = "$(TARGET_NAME)";
				SWIFT_EMIT_LOC_STRINGS = NO;
				SWIFT_VERSION = 5.0;
				TARGETED_DEVICE_FAMILY = "1,2";
				TEST_HOST = "$(BUILT_PRODUCTS_DIR)/Pomodoro.app/Pomodoro";
			};
			name = Release;
		};
		F414DFD828180A2700EA07D9 /* Debug */ = {
			isa = XCBuildConfiguration;
			buildSettings = {
				ALWAYS_EMBED_SWIFT_STANDARD_LIBRARIES = YES;
				CODE_SIGN_STYLE = Automatic;
				CURRENT_PROJECT_VERSION = 1;
				DEVELOPMENT_TEAM = AT2N75TMZD;
				GENERATE_INFOPLIST_FILE = YES;
				MARKETING_VERSION = 1.0;
				PRODUCT_BUNDLE_IDENTIFIER = com.simon.PomodoroUITests;
				PRODUCT_NAME = "$(TARGET_NAME)";
				SWIFT_EMIT_LOC_STRINGS = NO;
				SWIFT_VERSION = 5.0;
				TARGETED_DEVICE_FAMILY = "1,2";
				TEST_TARGET_NAME = Pomodoro;
			};
			name = Debug;
		};
		F414DFD928180A2700EA07D9 /* Release */ = {
			isa = XCBuildConfiguration;
			buildSettings = {
				ALWAYS_EMBED_SWIFT_STANDARD_LIBRARIES = YES;
				CODE_SIGN_STYLE = Automatic;
				CURRENT_PROJECT_VERSION = 1;
				DEVELOPMENT_TEAM = AT2N75TMZD;
				GENERATE_INFOPLIST_FILE = YES;
				MARKETING_VERSION = 1.0;
				PRODUCT_BUNDLE_IDENTIFIER = com.simon.PomodoroUITests;
				PRODUCT_NAME = "$(TARGET_NAME)";
				SWIFT_EMIT_LOC_STRINGS = NO;
				SWIFT_VERSION = 5.0;
				TARGETED_DEVICE_FAMILY = "1,2";
				TEST_TARGET_NAME = Pomodoro;
			};
			name = Release;
		};
/* End XCBuildConfiguration section */

/* Begin XCConfigurationList section */
		F414DFA228180A2400EA07D9 /* Build configuration list for PBXProject "Pomodoro" */ = {
			isa = XCConfigurationList;
			buildConfigurations = (
				F414DFCF28180A2700EA07D9 /* Debug */,
				F414DFD028180A2700EA07D9 /* Release */,
			);
			defaultConfigurationIsVisible = 0;
			defaultConfigurationName = Release;
		};
		F414DFD128180A2700EA07D9 /* Build configuration list for PBXNativeTarget "Pomodoro" */ = {
			isa = XCConfigurationList;
			buildConfigurations = (
				F414DFD228180A2700EA07D9 /* Debug */,
				F414DFD328180A2700EA07D9 /* Release */,
			);
			defaultConfigurationIsVisible = 0;
			defaultConfigurationName = Release;
		};
		F414DFD428180A2700EA07D9 /* Build configuration list for PBXNativeTarget "PomodoroTests" */ = {
			isa = XCConfigurationList;
			buildConfigurations = (
				F414DFD528180A2700EA07D9 /* Debug */,
				F414DFD628180A2700EA07D9 /* Release */,
			);
			defaultConfigurationIsVisible = 0;
			defaultConfigurationName = Release;
		};
		F414DFD728180A2700EA07D9 /* Build configuration list for PBXNativeTarget "PomodoroUITests" */ = {
			isa = XCConfigurationList;
			buildConfigurations = (
				F414DFD828180A2700EA07D9 /* Debug */,
				F414DFD928180A2700EA07D9 /* Release */,
			);
			defaultConfigurationIsVisible = 0;
			defaultConfigurationName = Release;
		};
/* End XCConfigurationList section */

/* Begin XCRemoteSwiftPackageReference section */
		F414DFDC2818206E00EA07D9 /* XCRemoteSwiftPackageReference "SnapKit" */ = {
			isa = XCRemoteSwiftPackageReference;
			repositoryURL = "https://github.com/SnapKit/SnapKit.git";
			requirement = {
				branch = develop;
				kind = branch;
			};
		};
		F414DFEA28182F6200EA07D9 /* XCRemoteSwiftPackageReference "RxSwift" */ = {
			isa = XCRemoteSwiftPackageReference;
			repositoryURL = "https://github.com/ReactiveX/RxSwift.git";
			requirement = {
				branch = main;
				kind = branch;
			};
		};
/* End XCRemoteSwiftPackageReference section */

/* Begin XCSwiftPackageProductDependency section */
		F414DFDD2818206E00EA07D9 /* SnapKit */ = {
			isa = XCSwiftPackageProductDependency;
			package = F414DFDC2818206E00EA07D9 /* XCRemoteSwiftPackageReference "SnapKit" */;
			productName = SnapKit;
		};
		F414DFEB28182F6200EA07D9 /* RxBlocking */ = {
			isa = XCSwiftPackageProductDependency;
			package = F414DFEA28182F6200EA07D9 /* XCRemoteSwiftPackageReference "RxSwift" */;
			productName = RxBlocking;
		};
		F414DFED28182F6200EA07D9 /* RxCocoa */ = {
			isa = XCSwiftPackageProductDependency;
			package = F414DFEA28182F6200EA07D9 /* XCRemoteSwiftPackageReference "RxSwift" */;
			productName = RxCocoa;
		};
		F414DFEF28182F6200EA07D9 /* RxRelay */ = {
			isa = XCSwiftPackageProductDependency;
			package = F414DFEA28182F6200EA07D9 /* XCRemoteSwiftPackageReference "RxSwift" */;
			productName = RxRelay;
		};
		F414DFF128182F6200EA07D9 /* RxSwift */ = {
			isa = XCSwiftPackageProductDependency;
			package = F414DFEA28182F6200EA07D9 /* XCRemoteSwiftPackageReference "RxSwift" */;
			productName = RxSwift;
		};
		F414DFF328182F6200EA07D9 /* RxTest */ = {
			isa = XCSwiftPackageProductDependency;
			package = F414DFEA28182F6200EA07D9 /* XCRemoteSwiftPackageReference "RxSwift" */;
			productName = RxTest;
		};
/* End XCSwiftPackageProductDependency section */
	};
	rootObject = F414DF9F28180A2400EA07D9 /* Project object */;
}
